
Microsoft Visual Studio Solution File, Format Version 12.00
# Visual Studio Version 17
VisualStudioVersion = 17.3.32811.315
MinimumVisualStudioVersion = 10.0.40219.1
Project("{9A19103F-16F7-4668-BE54-9A1E7A4F7556}") = "CSharp8", "CSharp8\CSharp8.csproj", "{F50A6B56-F8A1-477D-BD87-195233156849}"
EndProject
Project("{2150E333-8FDC-42A3-9474-1A3956D46DE8}") = "CSharp9", "CSharp9", "{F68CA63B-289B-4A47-931E-DC57B4566F7F}"
EndProject
Project("{9A19103F-16F7-4668-BE54-9A1E7A4F7556}") = "ConsoleUI", "CSharp9\ConsoleUI\ConsoleUI.csproj", "{4027F22F-D5F1-4E94-9962-FCD33D3AFAC0}"
EndProject
Project("{9A19103F-16F7-4668-BE54-9A1E7A4F7556}") = "BlazorApp", "CSharp9\BlazorApp\BlazorApp.csproj", "{817964F6-8DBE-4347-8CA3-678437C51E72}"
EndProject
Project("{9A19103F-16F7-4668-BE54-9A1E7A4F7556}") = "RecordDemo", "CSharp9\RecordDemo\RecordDemo.csproj", "{2E28DF00-B28E-4F28-8365-A99D43DE1ACD}"
EndProject
Project("{2150E333-8FDC-42A3-9474-1A3956D46DE8}") = "InheritanceVsInterface", "InheritanceVsInterface", "{D4F78E63-D45C-4E05-A6B7-F34737D992AF}"
EndProject
Project("{9A19103F-16F7-4668-BE54-9A1E7A4F7556}") = "OODemo", "InheritanceVsInterface\OODemo\OODemo.csproj", "{FDA628FA-8811-4916-A88E-7BD13FDA16CE}"
EndProject
Project("{9A19103F-16F7-4668-BE54-9A1E7A4F7556}") = "BetterOODemo", "InheritanceVsInterface\BetterOODemo\BetterOODemo.csproj", "{CA00E4E5-DFAB-427B-B5C1-67CBA7F4DF00}"
EndProject
Project("{9A19103F-16F7-4668-BE54-9A1E7A4F7556}") = "Csharp12", "Csharp12\Csharp12\Csharp12.csproj", "{F796E84E-A6E8-4718-AD11-088594D9A0AD}"
EndProject
Project("{9A19103F-16F7-4668-BE54-9A1E7A4F7556}") = "BookManagement", "BookManagement\BookManagement.csproj", "{4B846C9E-BDE5-4EC2-8317-F5083FEB79A0}"
EndProject
Project("{9A19103F-16F7-4668-BE54-9A1E7A4F7556}") = "CallResponse", "CallResponse\CallResponse.csproj", "{D4F2E14A-1548-497D-BADA-ECD56F92DCE5}"
EndProject
Project("{9A19103F-16F7-4668-BE54-9A1E7A4F7556}") = "StreamsTechLtd", "StreamsTechLtd\StreamsTechLtd.csproj", "{0AD29188-B745-4C4B-91B6-394A058E874B}"
EndProject
Project("{9A19103F-16F7-4668-BE54-9A1E7A4F7556}") = "InterfacevsAbstractClass", "InterfacevsAbstractClass\InterfacevsAbstractClass.csproj", "{0E92DC2F-FFE3-4448-A11A-1D2377308B2F}"
EndProject
Project("{9A19103F-16F7-4668-BE54-9A1E7A4F7556}") = "ActionPredicateFunction", "ActionPredicateFunction\ActionPredicateFunction.csproj", "{34CE70D8-C7D8-47DF-B6F7-525FDB8DE761}"
EndProject
Project("{9A19103F-16F7-4668-BE54-9A1E7A4F7556}") = "HtmlFile", "HtmlFile\HtmlFile.csproj", "{F13F5AAB-2F96-4475-8F21-0C029C9C3984}"
EndProject
Project("{9A19103F-16F7-4668-BE54-9A1E7A4F7556}") = "LockerOpenThief", "LockerOpenThief\LockerOpenThief.csproj", "{AA45B88F-88B1-468E-9BF8-26717445CBA2}"
EndProject
Project("{9A19103F-16F7-4668-BE54-9A1E7A4F7556}") = "VirtualandOverride", "VirtualandOverride\VirtualandOverride.csproj", "{4E85B7A6-0FFB-4F2B-8D48-784B53A1EB75}"
EndProject
Project("{9A19103F-16F7-4668-BE54-9A1E7A4F7556}") = "MethodOverloading", "MethodOverloading\MethodOverloading.csproj", "{9C2A9869-49A9-4F61-97BE-1EF7C7B0146B}"
EndProject
Project("{9A19103F-16F7-4668-BE54-9A1E7A4F7556}") = "BuilderPattern", "BuilderPattern\BuilderPattern.csproj", "{4A8EF929-9FC9-4233-9F67-56A77CADD936}"
EndProject
Project("{9A19103F-16F7-4668-BE54-9A1E7A4F7556}") = "CQRSandMediatR", "CQRSandMediatR\CQRSandMediatR.csproj", "{58FAFEE5-05D2-49A5-8FD6-38227C67562F}"
EndProject
Project("{9A19103F-16F7-4668-BE54-9A1E7A4F7556}") = "121_BestTimetoBuyandSell", "121_BestTimetoBuyandSell\121_BestTimetoBuyandSell.csproj", "{1C8CFD7F-B900-4D7E-965C-792F14759567}"
EndProject
Project("{9A19103F-16F7-4668-BE54-9A1E7A4F7556}") = "TheThirdProblem", "TheThirdProblem\TheThirdProblem.csproj", "{7B811753-7539-4A68-9345-0AF171C8C15E}"
EndProject
Project("{2150E333-8FDC-42A3-9474-1A3956D46DE8}") = "Toph", "Toph", "{5CD9FF11-7098-4676-98B6-1FC3AF779BE7}"
EndProject
Project("{9A19103F-16F7-4668-BE54-9A1E7A4F7556}") = "DecentArrays", "DecentArrays\DecentArrays.csproj", "{EDC7F02F-24E0-4F95-80BD-3CF14053BC2E}"
EndProject
Project("{9A19103F-16F7-4668-BE54-9A1E7A4F7556}") = "SetUnion", "SetUnion\SetUnion.csproj", "{EBE2A840-C4DD-40D7-AD84-E5D3AEBD9F8F}"
EndProject
Project("{2150E333-8FDC-42A3-9474-1A3956D46DE8}") = "LeetCode", "LeetCode", "{1F8F722C-A8BE-41FD-8A81-A1A6693D726C}"
EndProject
Project("{9A19103F-16F7-4668-BE54-9A1E7A4F7556}") = "LC279_PerfectSquares", "LeetCode\LC279_PerfectSquares\LC279_PerfectSquares.csproj", "{D7279F2D-9DCD-4BD4-A570-6F9B7CDAAF57}"
EndProject
Project("{9A19103F-16F7-4668-BE54-9A1E7A4F7556}") = "LC240_Searcha2DMatrixII", "LeetCode\LC240_Searcha2DMatrixII\LC240_Searcha2DMatrixII.csproj", "{11BAD6E2-AC65-4E49-8F5B-417FA545A22C}"
EndProject
Project("{9A19103F-16F7-4668-BE54-9A1E7A4F7556}") = "LC238_ProductofArrayExceptSelf", "LeetCode\LC238_ProductofArrayExceptSelf\LC238_ProductofArrayExceptSelf.csproj", "{85E0F8A7-6240-487A-A512-8D8FC2969722}"
EndProject
Project("{9A19103F-16F7-4668-BE54-9A1E7A4F7556}") = "LC237_DeleteNodeinaLinkedList", "LeetCode\LC237_DeleteNodeinaLinkedList\LC237_DeleteNodeinaLinkedList.csproj", "{312F6204-1054-4D0E-A0A3-907CF4E49017}"
EndProject
Project("{9A19103F-16F7-4668-BE54-9A1E7A4F7556}") = "LC230_KthSmallestElementinaBST", "LeetCode\LC230_KthSmallestElementinaBST\LC230_KthSmallestElementinaBST.csproj", "{3C7017F0-42B3-4FFC-B145-330401C63E0B}"
EndProject
Project("{9A19103F-16F7-4668-BE54-9A1E7A4F7556}") = "LC215_KthLargestElementinanArray", "LeetCode\LC215_KthLargestElementinanArray\LC215_KthLargestElementinanArray.csproj", "{B9013B43-B4D1-4CA7-B11E-F9353E4925C1}"
EndProject
Project("{9A19103F-16F7-4668-BE54-9A1E7A4F7556}") = "LC204_CountPrimes", "LeetCode\LC204_CountPrimes\LC204_CountPrimes.csproj", "{EA76F60E-A974-45EF-956E-3B144EB7142C}"
EndProject
Project("{9A19103F-16F7-4668-BE54-9A1E7A4F7556}") = "LC_69_Sqrt(x)", "LeetCode\LC_69_Sqrt(x)\LC_69_Sqrt(x).csproj", "{158844D1-AC3B-4C0C-A463-222D6F1F7870}"
EndProject
Project("{9A19103F-16F7-4668-BE54-9A1E7A4F7556}") = "LC_70_Climbing_Stairs", "LeetCode\LC_70_Climbing_Stairs\LC_70_Climbing_Stairs.csproj", "{F4DCDF98-DBBA-43A7-A40D-270309A6F6AE}"
EndProject
Project("{9A19103F-16F7-4668-BE54-9A1E7A4F7556}") = "LC104_MaximumDepthofBinaryTree", "LeetCode\LC104_MaximumDepthofBinaryTree\LC104_MaximumDepthofBinaryTree.csproj", "{0996E091-F3C2-40D1-A977-8663E6FAFC6B}"
EndProject
Project("{9A19103F-16F7-4668-BE54-9A1E7A4F7556}") = "LC108_ConvertSortedArraytoBinarySearchTree", "LeetCode\LC108_ConvertSortedArraytoBinarySearchTree\LC108_ConvertSortedArraytoBinarySearchTree.csproj", "{2B6B9B6B-44D4-43A2-9A4E-278B75E2929F}"
EndProject
Project("{9A19103F-16F7-4668-BE54-9A1E7A4F7556}") = "LC11_ContainerWithMostWater", "LeetCode\LC11_ContainerWithMostWater\LC11_ContainerWithMostWater.csproj", "{ADA43F0D-CF48-4F26-A088-C186CD5658C3}"
EndProject
Project("{9A19103F-16F7-4668-BE54-9A1E7A4F7556}") = "LC110_BalancedBinaryTree", "LeetCode\LC110_BalancedBinaryTree\LC110_BalancedBinaryTree.csproj", "{65364052-9EA8-4AE0-99C6-5F9582CB5AFF}"
EndProject
Project("{9A19103F-16F7-4668-BE54-9A1E7A4F7556}") = "LC111_MinimumDepthofBinaryTree", "LeetCode\LC111_MinimumDepthofBinaryTree\LC111_MinimumDepthofBinaryTree.csproj", "{E996B78F-F8C7-4AEF-ACBA-30FBAAA72B64}"
EndProject
Project("{9A19103F-16F7-4668-BE54-9A1E7A4F7556}") = "LC118_PascalsTriangle", "LeetCode\LC118_PascalsTriangle\LC118_PascalsTriangle.csproj", "{3A25BF38-78BF-4A1E-ABC3-39ECD42AD1D7}"
EndProject
Project("{9A19103F-16F7-4668-BE54-9A1E7A4F7556}") = "LC125_ValidPalindrome", "LeetCode\LC125_ValidPalindrome\LC125_ValidPalindrome.csproj", "{483548D1-0665-467E-AF15-ACA9B414FFE5}"
EndProject
Project("{9A19103F-16F7-4668-BE54-9A1E7A4F7556}") = "LC136_SingleNumber", "LeetCode\LC136_SingleNumber\LC136_SingleNumber.csproj", "{F00EB752-2BCC-4C69-9743-9D123E4B4D15}"
EndProject
Project("{9A19103F-16F7-4668-BE54-9A1E7A4F7556}") = "LC169_MajorityElement", "LeetCode\LC169_MajorityElement\LC169_MajorityElement.csproj", "{097EEB03-871E-42B4-9CE7-71EEB70ECCD0}"
EndProject
Project("{9A19103F-16F7-4668-BE54-9A1E7A4F7556}") = "LC15_3Sum", "LeetCode\LC15_3Sum\LC15_3Sum.csproj", "{C99B7F89-B232-48F4-898F-BFFEF06677D1}"
EndProject
Project("{9A19103F-16F7-4668-BE54-9A1E7A4F7556}") = "LC17_LetterCombinationsofaPhoneNumber", "LeetCode\LC17_LetterCombinationsofaPhoneNumber\LC17_LetterCombinationsofaPhoneNumber.csproj", "{772CD5E0-75BF-40A9-AB3D-5C5AE8DD71BF}"
EndProject
Project("{9A19103F-16F7-4668-BE54-9A1E7A4F7556}") = "LC171_ExcelSheetColumnNumber", "LeetCode\LC171_ExcelSheetColumnNumber\LC171_ExcelSheetColumnNumber.csproj", "{9430E59C-CA71-40D1-A2BC-EFE74C555B1F}"
EndProject
Project("{9A19103F-16F7-4668-BE54-9A1E7A4F7556}") = "LC18_4Sum", "LeetCode\LC18_4Sum\LC18_4Sum.csproj", "{6832825D-0F2C-4C45-B824-E696DC8D358B}"
EndProject
Project("{9A19103F-16F7-4668-BE54-9A1E7A4F7556}") = "LC1886_DetermineWhetherMatrixCanBeObtainedByRotation", "LeetCode\LC1886_DetermineWhetherMatrixCanBeObtainedByRotation\LC1886_DetermineWhetherMatrixCanBeObtainedByRotation.csproj", "{ECEEF566-1621-4B47-814E-F4B02CE5AC23}"
EndProject
Project("{9A19103F-16F7-4668-BE54-9A1E7A4F7556}") = "LC191_Numberof1Bits", "LeetCode\LC191_Numberof1Bits\LC191_Numberof1Bits.csproj", "{170BC86D-11B3-476D-A4B7-064196B7982B}"
EndProject
Project("{9A19103F-16F7-4668-BE54-9A1E7A4F7556}") = "LC1929_ConcatenationofArray", "LeetCode\LC1929_ConcatenationofArray\LC1929_ConcatenationofArray.csproj", "{0536BEFA-7DCE-443C-90A5-8021C9CFAD57}"
EndProject
Project("{9A19103F-16F7-4668-BE54-9A1E7A4F7556}") = "LC2011_FinalValueofVariableAfterPerformingOperations", "LeetCode\LC2011_FinalValueofVariableAfterPerformingOperations\LC2011_FinalValueofVariableAfterPerformingOperations.csproj", "{57EC6F0B-305E-4057-8409-19323F57EF49}"
EndProject
Project("{9A19103F-16F7-4668-BE54-9A1E7A4F7556}") = "LC202_HappyNumber", "LeetCode\LC202_HappyNumber\LC202_HappyNumber.csproj", "{4EB7414F-018D-48A5-9F1B-EA93420DBA52}"
EndProject
Project("{9A19103F-16F7-4668-BE54-9A1E7A4F7556}") = "LC217_ContainsDuplicate", "LeetCode\LC217_ContainsDuplicate\LC217_ContainsDuplicate.csproj", "{D50230C8-B157-4465-9806-89DE599855C0}"
EndProject
Project("{9A19103F-16F7-4668-BE54-9A1E7A4F7556}") = "LC22_GenerateParentheses", "LeetCode\LC22_GenerateParentheses\LC22_GenerateParentheses.csproj", "{2AFC2C70-EFA9-48C3-AE26-D7EC4BC48B2F}"
EndProject
Project("{9A19103F-16F7-4668-BE54-9A1E7A4F7556}") = "LC227_BasicCalculatorII", "LeetCode\LC227_BasicCalculatorII\LC227_BasicCalculatorII.csproj", "{5BD997C3-DEEB-472F-80DF-E37C1E5BFA46}"
EndProject
Project("{9A19103F-16F7-4668-BE54-9A1E7A4F7556}") = "LC242_ValidAnagram", "LeetCode\LC242_ValidAnagram\LC242_ValidAnagram.csproj", "{560565D9-FF43-4883-B768-704A9D394B71}"
EndProject
Project("{9A19103F-16F7-4668-BE54-9A1E7A4F7556}") = "LC26_Remove_Duplicates_from_Sorted_Array", "LeetCode\LC26_Remove_Duplicates_from_Sorted_Array\LC26_Remove_Duplicates_from_Sorted_Array.csproj", "{FB9B83AC-D83B-4B01-8C8E-DBE65B136517}"
EndProject
Project("{9A19103F-16F7-4668-BE54-9A1E7A4F7556}") = "LC268_MissingNumber", "LeetCode\LC268_MissingNumber\LC268_MissingNumber.csproj", "{0125CCC1-5250-4F32-B2A7-E27123010137}"
EndProject
Project("{9A19103F-16F7-4668-BE54-9A1E7A4F7556}") = "LC28_FindtheIndexoftheFirstOccurrenceinaString", "LeetCode\LC28_FindtheIndexoftheFirstOccurrenceinaString\LC28_FindtheIndexoftheFirstOccurrenceinaString.csproj", "{96FD64D8-CADD-4875-AA76-CD97028D5899}"
EndProject
Project("{9A19103F-16F7-4668-BE54-9A1E7A4F7556}") = "LC283_MoveZeroes", "LeetCode\LC283_MoveZeroes\LC283_MoveZeroes.csproj", "{C8BA1064-4CC9-4407-97E4-4C4100025390}"
EndProject
Project("{9A19103F-16F7-4668-BE54-9A1E7A4F7556}") = "LC287_FindtheDuplicateNumber", "LeetCode\LC287_FindtheDuplicateNumber\LC287_FindtheDuplicateNumber.csproj", "{936E5A95-4A90-402A-BE3D-AF806D38A31F}"
EndProject
Project("{9A19103F-16F7-4668-BE54-9A1E7A4F7556}") = "LC29_DivideTwoIntegers", "LeetCode\LC29_DivideTwoIntegers\LC29_DivideTwoIntegers.csproj", "{48D5EA2E-478F-49D6-A2C0-786BE2635743}"
EndProject
Project("{9A19103F-16F7-4668-BE54-9A1E7A4F7556}") = "LC3122_MinimumNumberofOperationstoSatisfyConditions", "LeetCode\LC3122_MinimumNumberofOperationstoSatisfyConditions\LC3122_MinimumNumberofOperationstoSatisfyConditions.csproj", "{819D10C4-7267-482B-8A53-BEE87024ED39}"
EndProject
Project("{9A19103F-16F7-4668-BE54-9A1E7A4F7556}") = "LC3127_MakeaSquarewiththeSameColor", "LeetCode\LC3127_MakeaSquarewiththeSameColor\LC3127_MakeaSquarewiththeSameColor.csproj", "{DD519674-D716-4C75-A1B7-F3F1709653B6}"
EndProject
Project("{9A19103F-16F7-4668-BE54-9A1E7A4F7556}") = "LC3131_FindtheIntegerAddedtoArrayI", "LeetCode\LC3131_FindtheIntegerAddedtoArrayI\LC3131_FindtheIntegerAddedtoArrayI.csproj", "{D7BABF30-39A0-47C2-9AFD-08BD8C8C9066}"
EndProject
Project("{9A19103F-16F7-4668-BE54-9A1E7A4F7556}") = "LC3132_FindtheIntegerAddedtoArrayII", "LeetCode\LC3132_FindtheIntegerAddedtoArrayII\LC3132_FindtheIntegerAddedtoArrayII.csproj", "{6B44E16B-61EA-4F00-ADEE-99DB35C3ED48}"
EndProject
Project("{9A19103F-16F7-4668-BE54-9A1E7A4F7556}") = "LC3142_CheckifGridSatisfiesConditions", "LeetCode\LC3142_CheckifGridSatisfiesConditions\LC3142_CheckifGridSatisfiesConditions.csproj", "{8F26A3BA-9FE6-4EBA-A7A9-E9C7339264E1}"
EndProject
Project("{9A19103F-16F7-4668-BE54-9A1E7A4F7556}") = "LC3151_SpecialArrayI", "LeetCode\LC3151_SpecialArrayI\LC3151_SpecialArrayI.csproj", "{42AAFF0A-52A9-488A-AD93-08CA9D3ED2F9}"
EndProject
Project("{9A19103F-16F7-4668-BE54-9A1E7A4F7556}") = "LC3158_FindtheXORofNumbersWhichAppearTwice", "LeetCode\LC3158_FindtheXORofNumbersWhichAppearTwice\LC3158_FindtheXORofNumbersWhichAppearTwice.csproj", "{575A8394-7010-4BA0-B3EA-283B5A912518}"
EndProject
Project("{9A19103F-16F7-4668-BE54-9A1E7A4F7556}") = "LC3162_FindtheNumberofGoodPairsI", "LeetCode\LC3162_FindtheNumberofGoodPairsI\LC3162_FindtheNumberofGoodPairsI.csproj", "{6F5BB059-F8FE-4A88-916D-6E6CFF578711}"
EndProject
Project("{9A19103F-16F7-4668-BE54-9A1E7A4F7556}") = "LC3164_FindtheNumberofGoodPairsII", "LeetCode\LC3164_FindtheNumberofGoodPairsII\LC3164_FindtheNumberofGoodPairsII.csproj", "{49A87B71-A17D-480F-85F2-67DA891F92AC}"
EndProject
Project("{9A19103F-16F7-4668-BE54-9A1E7A4F7556}") = "LC322_CoinChange", "LeetCode\LC322_CoinChange\LC322_CoinChange.csproj", "{E10BF578-BC17-4BBA-8EB1-A8F688F6BA21}"
EndProject
Project("{9A19103F-16F7-4668-BE54-9A1E7A4F7556}") = "LC326_PowerofThree", "LeetCode\LC326_PowerofThree\LC326_PowerofThree.csproj", "{EAF18961-ECE5-4CFE-9E9C-284D329F3AFB}"
EndProject
Project("{9A19103F-16F7-4668-BE54-9A1E7A4F7556}") = "LC34_FindFirstandLastPositionofElementinSortedArray", "LeetCode\LC34_FindFirstandLastPositionofElementinSortedArray\LC34_FindFirstandLastPositionofElementinSortedArray.csproj", "{40B5C981-47F2-4307-AB4A-D3A2AB45912F}"
EndProject
Project("{9A19103F-16F7-4668-BE54-9A1E7A4F7556}") = "LC347_TopKFrequentElements", "LeetCode\LC347_TopKFrequentElements\LC347_TopKFrequentElements.csproj", "{6E37A1A5-B351-4E40-B803-2F6E2C7E1487}"
EndProject
Project("{9A19103F-16F7-4668-BE54-9A1E7A4F7556}") = "LC35_SearchInsertPosition", "LeetCode\LC35_SearchInsertPosition\LC35_SearchInsertPosition.csproj", "{3606D6CC-3ACC-412F-8E98-4C1D9696802B}"
EndProject
Project("{9A19103F-16F7-4668-BE54-9A1E7A4F7556}") = "LC371_SumofTwoIntegers", "LeetCode\LC371_SumofTwoIntegers\LC371_SumofTwoIntegers.csproj", "{D12E95EB-F111-4A2F-9661-80A744CF0F5C}"
EndProject
Project("{9A19103F-16F7-4668-BE54-9A1E7A4F7556}") = "LC412_FizzBuzz", "LeetCode\LC412_FizzBuzz\LC412_FizzBuzz.csproj", "{7BFE527E-AAE8-461A-BF50-EB8B8D195E55}"
EndProject
Project("{9A19103F-16F7-4668-BE54-9A1E7A4F7556}") = "LC454_4SumII", "LeetCode\LC454_4SumII\LC454_4SumII.csproj", "{53F1AE93-C853-4F6E-AC20-34764EBA200A}"
EndProject
Project("{9A19103F-16F7-4668-BE54-9A1E7A4F7556}") = "LC46_Permutations", "LeetCode\LC46_Permutations\LC46_Permutations.csproj", "{D883B003-122E-44C3-A869-EA2C1BDF72B3}"
EndProject
Project("{9A19103F-16F7-4668-BE54-9A1E7A4F7556}") = "LC48_RotateImage", "LeetCode\LC48_RotateImage\LC48_RotateImage.csproj", "{16CAFCE0-5D13-4B3A-BD54-A62441E6560A}"
EndProject
Project("{9A19103F-16F7-4668-BE54-9A1E7A4F7556}") = "LC55_JumpGame", "LeetCode\LC55_JumpGame\LC55_JumpGame.csproj", "{30B40B93-06B0-49E0-B73F-E756293ACB1D}"
EndProject
Project("{9A19103F-16F7-4668-BE54-9A1E7A4F7556}") = "LC58_LengthofLastWord", "LeetCode\LC58_LengthofLastWord\LC58_LengthofLastWord.csproj", "{1057690C-132A-402C-A481-EADB21D6A893}"
EndProject
Project("{9A19103F-16F7-4668-BE54-9A1E7A4F7556}") = "LC66_PlusOne", "LeetCode\LC66_PlusOne\LC66_PlusOne.csproj", "{5BDA15C1-E71B-4817-8361-641E004A54FF}"
EndProject
Project("{9A19103F-16F7-4668-BE54-9A1E7A4F7556}") = "LC67_AddBinary", "LeetCode\LC67_AddBinary\LC67_AddBinary.csproj", "{E369F806-24F6-4DF1-97E8-215156A1B8C8}"
EndProject
Project("{9A19103F-16F7-4668-BE54-9A1E7A4F7556}") = "LC83_RemoveDuplicatesfromSortedList", "LeetCode\LC83_RemoveDuplicatesfromSortedList\LC83_RemoveDuplicatesfromSortedList.csproj", "{2F2FC00D-34E8-48C2-A6F4-AE3D7F60CA8A}"
EndProject
Project("{9A19103F-16F7-4668-BE54-9A1E7A4F7556}") = "LC88_MergeSortedArray", "LeetCode\LC88_MergeSortedArray\LC88_MergeSortedArray.csproj", "{2CB79754-DF24-4BE3-9B63-AACD4A8B45BC}"
EndProject
Project("{9A19103F-16F7-4668-BE54-9A1E7A4F7556}") = "LC94_BinaryTreeInorderTraversal", "LeetCode\LC94_BinaryTreeInorderTraversal\LC94_BinaryTreeInorderTraversal.csproj", "{BCF6D330-DD16-4AA8-9433-F4C8543E320C}"
EndProject
Project("{9A19103F-16F7-4668-BE54-9A1E7A4F7556}") = "LC957_PrisonCellsAfterNDays", "LeetCode\LC957_PrisonCellsAfterNDays\LC957_PrisonCellsAfterNDays.csproj", "{87142B4E-54ED-4E54-9AD8-11930FEADDCA}"
EndProject
Project("{9A19103F-16F7-4668-BE54-9A1E7A4F7556}") = "LC200_NumberofIslands", "LeetCode\LC200_NumberofIslands\LC200_NumberofIslands.csproj", "{B24ED936-8805-4DA1-AEFF-9A2A8E5A6242}"
EndProject
Project("{9A19103F-16F7-4668-BE54-9A1E7A4F7556}") = "LC198_HouseRobber", "LeetCode\LC198_HouseRobber\LC198_HouseRobber.csproj", "{B5FB4FF3-6F6F-4379-AD31-F446F7AAEF4F}"
EndProject
Project("{9A19103F-16F7-4668-BE54-9A1E7A4F7556}") = "LC189_RotateArray", "LeetCode\LC189_RotateArray\LC189_RotateArray.csproj", "{58C63F48-FF9B-43B5-9401-8482AC15C8AE}"
EndProject
Project("{9A19103F-16F7-4668-BE54-9A1E7A4F7556}") = "LC179_LargestNumber", "LeetCode\LC179_LargestNumber\LC179_LargestNumber.csproj", "{34182C1D-04A0-4CA8-B30F-D40E5B976C7E}"
EndProject
Project("{9A19103F-16F7-4668-BE54-9A1E7A4F7556}") = "LC172_FactorialTrailingZeroes", "LeetCode\LC172_FactorialTrailingZeroes\LC172_FactorialTrailingZeroes.csproj", "{C68A78D8-995F-4F8B-8662-FD53D1045BC7}"
EndProject
Project("{9A19103F-16F7-4668-BE54-9A1E7A4F7556}") = "LC3178_FindtheChildWhoHastheBallAfterKSeconds", "LeetCode\LC3178_FindtheChildWhoHastheBallAfterKSeconds\LC3178_FindtheChildWhoHastheBallAfterKSeconds.csproj", "{A44F1A0C-BE05-43B9-8872-8A9EBEF5046F}"
EndProject
Project("{9A19103F-16F7-4668-BE54-9A1E7A4F7556}") = "LC3179_FindtheNthValueAfterKSeconds", "LeetCode\LC3179_FindtheNthValueAfterKSeconds\LC3179_FindtheNthValueAfterKSeconds.csproj", "{4C059EA5-2C21-45AC-8AD4-441DB22D7CFA}"
EndProject
Project("{9A19103F-16F7-4668-BE54-9A1E7A4F7556}") = "LC3180_MaximumTotalRewardUsingOperationsI", "LeetCode\LC3180_MaximumTotalRewardUsingOperationsI\LC3180_MaximumTotalRewardUsingOperationsI.csproj", "{BD23435B-6B76-43E1-BAC3-1206E698F3ED}"
EndProject
Project("{9A19103F-16F7-4668-BE54-9A1E7A4F7556}") = "LC162_FindPeakElement", "LeetCode\LC162_FindPeakElement\LC162_FindPeakElement.csproj", "{D09E94F5-2C39-403E-9080-AE82AFA27B56}"
EndProject
Project("{9A19103F-16F7-4668-BE54-9A1E7A4F7556}") = "LC155_MinStack", "LeetCode\LC155_MinStack\LC155_MinStack.csproj", "{6D7F8092-8067-45C4-AC89-42AC3BF4BF5D}"
EndProject
Project("{9A19103F-16F7-4668-BE54-9A1E7A4F7556}") = "LC128_LongestConsecutiveSequence", "LeetCode\LC128_LongestConsecutiveSequence\LC128_LongestConsecutiveSequence.csproj", "{68A0D00F-10F4-4EFF-A0EE-6E40FC202CB5}"
EndProject
Project("{2150E333-8FDC-42A3-9474-1A3956D46DE8}") = "SOLID", "SOLID", "{9A78CE71-4543-47AC-8B6E-5DEA42E7C0C1}"
EndProject
Project("{9A19103F-16F7-4668-BE54-9A1E7A4F7556}") = "LSP", "SOLID\LSP\LSP.csproj", "{5D4D6BA1-73A1-4855-86D2-EC1E1A4BD3CB}"
EndProject
Project("{9A19103F-16F7-4668-BE54-9A1E7A4F7556}") = "ISP", "SOLID\ISP\ISP.csproj", "{193BED35-607D-40C5-B47C-AA375D7498DF}"
EndProject
Project("{9A19103F-16F7-4668-BE54-9A1E7A4F7556}") = "SRP", "SOLID\SRP\SRP.csproj", "{DB010F55-5875-4DB2-A7BC-48927B2D688D}"
EndProject
Project("{9A19103F-16F7-4668-BE54-9A1E7A4F7556}") = "OCP", "SOLID\OCP\OCP.csproj", "{D4E1DFED-1038-49A0-BB9E-BB4CE44544F3}"
EndProject
Project("{9A19103F-16F7-4668-BE54-9A1E7A4F7556}") = "DIP", "SOLID\DIP\DIP.csproj", "{29C0938C-B9F7-4323-BADE-96FDBB62287B}"
EndProject
Project("{9A19103F-16F7-4668-BE54-9A1E7A4F7556}") = "DRY", "SOLID\DRY\DRY.csproj", "{56364DE3-263F-4F1C-9D2A-365ACA50A891}"
EndProject
Project("{9A19103F-16F7-4668-BE54-9A1E7A4F7556}") = "KISS", "SOLID\KISS\KISS.csproj", "{054DE06A-C0DD-416F-9ED3-E58638BC6012}"
EndProject
Project("{9A19103F-16F7-4668-BE54-9A1E7A4F7556}") = "YAGNI", "SOLID\YAGNI\YAGNI.csproj", "{75671660-C649-486E-873B-1912DFE4BD4F}"
EndProject
Project("{2150E333-8FDC-42A3-9474-1A3956D46DE8}") = "Package", "Package", "{2980AC82-A6CB-4984-9787-FE377CE9C4F8}"
EndProject
Project("{9A19103F-16F7-4668-BE54-9A1E7A4F7556}") = "JSON", "Package\JSON\JSON.csproj", "{711DA678-77EF-4032-BCBC-83580F44174E}"
EndProject
Project("{9A19103F-16F7-4668-BE54-9A1E7A4F7556}") = "Mapster", "Package\Mapster\Mapster.csproj", "{70CB7D5C-DB34-4C80-8D8B-FA633A3ED6AA}"
EndProject
Project("{9A19103F-16F7-4668-BE54-9A1E7A4F7556}") = "𝐍𝐨𝐝𝐚𝐓𝐢𝐦𝐞", "Package\𝐍𝐨𝐝𝐚𝐓𝐢𝐦𝐞\𝐍𝐨𝐝𝐚𝐓𝐢𝐦𝐞.csproj", "{2E4FE1CC-701F-49F3-ACAC-D65363768A84}"
EndProject
Project("{9A19103F-16F7-4668-BE54-9A1E7A4F7556}") = "LC122_BestTimetoBuyandSellStockII", "LeetCode\LC122_BestTimetoBuyandSellStockII\LC122_BestTimetoBuyandSellStockII.csproj", "{281AC30D-D8C4-40AE-A2F6-4162C47593F5}"
EndProject
Project("{9A19103F-16F7-4668-BE54-9A1E7A4F7556}") = "LC78_Subsets", "LeetCode\LC78_Subsets\LC78_Subsets.csproj", "{DC9367FA-DF4B-443C-B239-2444608EE0CB}"
EndProject
Project("{9A19103F-16F7-4668-BE54-9A1E7A4F7556}") = "LC90_SubsetsII", "LeetCode\LC90_SubsetsII\LC90_SubsetsII.csproj", "{1ECB2949-6418-4608-A10D-E49439E36CE5}"
EndProject
Project("{9A19103F-16F7-4668-BE54-9A1E7A4F7556}") = "LC75_SortColors", "LeetCode\LC75_SortColors\LC75_SortColors.csproj", "{F10C550E-294B-4F7B-BCE9-1E4205A4441A}"
EndProject
Project("{9A19103F-16F7-4668-BE54-9A1E7A4F7556}") = "LC73_SetMatrixZeroes", "LeetCode\LC73_SetMatrixZeroes\LC73_SetMatrixZeroes.csproj", "{B5643B99-DCD4-46DD-8BA0-BE78305E3EC2}"
EndProject
Project("{9A19103F-16F7-4668-BE54-9A1E7A4F7556}") = "LC62_UniquePaths", "LeetCode\LC62_UniquePaths\LC62_UniquePaths.csproj", "{1F4F4EA7-CDBB-43C5-AA16-5C23873CCB68}"
EndProject
Project("{9A19103F-16F7-4668-BE54-9A1E7A4F7556}") = "LC63_UniquePathsII", "LeetCode\LC63_UniquePathsII\LC63_UniquePathsII.csproj", "{72B89C57-655A-49B1-AF15-36EC8F82F8B6}"
EndProject
Project("{9A19103F-16F7-4668-BE54-9A1E7A4F7556}") = "LC49_GroupAnagrams", "LeetCode\LC49_GroupAnagrams\LC49_GroupAnagrams.csproj", "{E2549594-CAED-47B4-8A42-90E0CC3272A8}"
EndProject
Project("{9A19103F-16F7-4668-BE54-9A1E7A4F7556}") = "LC33_SearchinRotatedSortedArray", "LeetCode\LC33_SearchinRotatedSortedArray\LC33_SearchinRotatedSortedArray.csproj", "{F3DD9CD4-3B04-4BA1-A34E-8CFCF3399BF9}"
EndProject
Project("{9A19103F-16F7-4668-BE54-9A1E7A4F7556}") = "LC3110_ScoreofaString", "LeetCode\LC3110_ScoreofaString\LC3110_ScoreofaString.csproj", "{6492F2D4-5BC4-4919-96EC-77D39FA1BDB0}"
EndProject
Project("{9A19103F-16F7-4668-BE54-9A1E7A4F7556}") = "LC3146_PermutationDifferencebetweenTwoStrings", "LeetCode\LC3146_PermutationDifferencebetweenTwoStrings\LC3146_PermutationDifferencebetweenTwoStrings.csproj", "{7C015686-4E53-46B6-8A89-CD1D386E6C0A}"
EndProject
Project("{9A19103F-16F7-4668-BE54-9A1E7A4F7556}") = "LC1108_DefanginganIPAddress", "LeetCode\LC1108_DefanginganIPAddress\LC1108_DefanginganIPAddress.csproj", "{2CD67C56-7502-4D78-922B-362B0AB42B4F}"
EndProject
Project("{9A19103F-16F7-4668-BE54-9A1E7A4F7556}") = "LC771_JewelsandStones", "LeetCode\LC771_JewelsandStones\LC771_JewelsandStones.csproj", "{0305D4B2-C9E6-41B4-9767-4BB0F48C76B9}"
EndProject
Project("{9A19103F-16F7-4668-BE54-9A1E7A4F7556}") = "LC2942_FindWordsContainingCharacter", "LeetCode\LC2942_FindWordsContainingCharacter\LC2942_FindWordsContainingCharacter.csproj", "{0AF7FC51-B58D-4FDA-8502-1B10B4298067}"
EndProject
Project("{9A19103F-16F7-4668-BE54-9A1E7A4F7556}") = "LC1678_GoalParserInterpretation", "LeetCode\LC1678_GoalParserInterpretation\LC1678_GoalParserInterpretation.csproj", "{1E4A2DFE-978D-4EAF-B516-2787CC5C78AE}"
EndProject
Project("{9A19103F-16F7-4668-BE54-9A1E7A4F7556}") = "LC2114_MaximumNumberofWordsFoundinSentences", "LeetCode\LC2114_MaximumNumberofWordsFoundinSentences\LC2114_MaximumNumberofWordsFoundinSentences.csproj", "{B46C153D-6EE9-4FF9-A5B2-B72A71B7EED9}"
EndProject
Project("{9A19103F-16F7-4668-BE54-9A1E7A4F7556}") = "LC1689_PartitioningIntoMinimumNumberOfDeciBinaryNumbers", "LeetCode\LC1689_PartitioningIntoMinimumNumberOfDeciBinaryNumbers\LC1689_PartitioningIntoMinimumNumberOfDeciBinaryNumbers.csproj", "{D1446786-437B-4945-B5DB-DA4FF87CA9C7}"
EndProject
Project("{FAE04EC0-301F-11D3-BF4B-00C04F79EFBC}") = "LC535_EncodeandDecodeTinyURL", "LeetCode\LC535_EncodeandDecodeTinyURL\LC535_EncodeandDecodeTinyURL.csproj", "{7FF4400C-4BB5-4354-B5B8-F22E298C2442}"
EndProject
Project("{FAE04EC0-301F-11D3-BF4B-00C04F79EFBC}") = "LC1347_MinimumNumberofStepstoMakeTwoStringsAnagram", "LeetCode\LC1347_MinimumNumberofStepstoMakeTwoStringsAnagram\LC1347_MinimumNumberofStepstoMakeTwoStringsAnagram.csproj", "{63C5B8AE-55C2-4AA8-8070-36673722E185}"
EndProject
Project("{FAE04EC0-301F-11D3-BF4B-00C04F79EFBC}") = "LC910_RemoveAllOccurrencesofaSubstring", "LeetCode\LC910_RemoveAllOccurrencesofaSubstring\LC910_RemoveAllOccurrencesofaSubstring.csproj", "{B38AC261-0647-4494-B5BE-3F8C842A42F1}"
EndProject
Project("{2150E333-8FDC-42A3-9474-1A3956D46DE8}") = "DesignPatterns", "DesignPatterns", "{D4E3FCB4-78EC-46D1-B947-A1965E7DB65A}"
EndProject
Project("{FAE04EC0-301F-11D3-BF4B-00C04F79EFBC}") = "Factory", "DesignPatterns\Factory\Factory.csproj", "{5E8BE77A-BD20-44E4-AF5E-724B0C9F61A7}"
EndProject
Project("{FAE04EC0-301F-11D3-BF4B-00C04F79EFBC}") = "Facade", "DesignPatterns\Facade\Facade.csproj", "{E983C3A2-853C-4D52-988D-9885977002FC}"
EndProject
Project("{FAE04EC0-301F-11D3-BF4B-00C04F79EFBC}") = "ChainResponsibility", "DesignPatterns\ChainResponsibility\ChainResponsibility.csproj", "{1FFD4527-8872-43E6-A10C-B2CE3C10B956}"
EndProject
Global
	GlobalSection(SolutionConfigurationPlatforms) = preSolution
		Debug|Any CPU = Debug|Any CPU
		Release|Any CPU = Release|Any CPU
	EndGlobalSection
	GlobalSection(ProjectConfigurationPlatforms) = postSolution
		{F50A6B56-F8A1-477D-BD87-195233156849}.Debug|Any CPU.ActiveCfg = Debug|Any CPU
		{F50A6B56-F8A1-477D-BD87-195233156849}.Debug|Any CPU.Build.0 = Debug|Any CPU
		{F50A6B56-F8A1-477D-BD87-195233156849}.Release|Any CPU.ActiveCfg = Release|Any CPU
		{F50A6B56-F8A1-477D-BD87-195233156849}.Release|Any CPU.Build.0 = Release|Any CPU
		{4027F22F-D5F1-4E94-9962-FCD33D3AFAC0}.Debug|Any CPU.ActiveCfg = Debug|Any CPU
		{4027F22F-D5F1-4E94-9962-FCD33D3AFAC0}.Debug|Any CPU.Build.0 = Debug|Any CPU
		{4027F22F-D5F1-4E94-9962-FCD33D3AFAC0}.Release|Any CPU.ActiveCfg = Release|Any CPU
		{4027F22F-D5F1-4E94-9962-FCD33D3AFAC0}.Release|Any CPU.Build.0 = Release|Any CPU
		{817964F6-8DBE-4347-8CA3-678437C51E72}.Debug|Any CPU.ActiveCfg = Debug|Any CPU
		{817964F6-8DBE-4347-8CA3-678437C51E72}.Debug|Any CPU.Build.0 = Debug|Any CPU
		{817964F6-8DBE-4347-8CA3-678437C51E72}.Release|Any CPU.ActiveCfg = Release|Any CPU
		{817964F6-8DBE-4347-8CA3-678437C51E72}.Release|Any CPU.Build.0 = Release|Any CPU
		{2E28DF00-B28E-4F28-8365-A99D43DE1ACD}.Debug|Any CPU.ActiveCfg = Debug|Any CPU
		{2E28DF00-B28E-4F28-8365-A99D43DE1ACD}.Debug|Any CPU.Build.0 = Debug|Any CPU
		{2E28DF00-B28E-4F28-8365-A99D43DE1ACD}.Release|Any CPU.ActiveCfg = Release|Any CPU
		{2E28DF00-B28E-4F28-8365-A99D43DE1ACD}.Release|Any CPU.Build.0 = Release|Any CPU
		{FDA628FA-8811-4916-A88E-7BD13FDA16CE}.Debug|Any CPU.ActiveCfg = Debug|Any CPU
		{FDA628FA-8811-4916-A88E-7BD13FDA16CE}.Debug|Any CPU.Build.0 = Debug|Any CPU
		{FDA628FA-8811-4916-A88E-7BD13FDA16CE}.Release|Any CPU.ActiveCfg = Release|Any CPU
		{FDA628FA-8811-4916-A88E-7BD13FDA16CE}.Release|Any CPU.Build.0 = Release|Any CPU
		{CA00E4E5-DFAB-427B-B5C1-67CBA7F4DF00}.Debug|Any CPU.ActiveCfg = Debug|Any CPU
		{CA00E4E5-DFAB-427B-B5C1-67CBA7F4DF00}.Debug|Any CPU.Build.0 = Debug|Any CPU
		{CA00E4E5-DFAB-427B-B5C1-67CBA7F4DF00}.Release|Any CPU.ActiveCfg = Release|Any CPU
		{CA00E4E5-DFAB-427B-B5C1-67CBA7F4DF00}.Release|Any CPU.Build.0 = Release|Any CPU
		{F796E84E-A6E8-4718-AD11-088594D9A0AD}.Debug|Any CPU.ActiveCfg = Debug|Any CPU
		{F796E84E-A6E8-4718-AD11-088594D9A0AD}.Debug|Any CPU.Build.0 = Debug|Any CPU
		{F796E84E-A6E8-4718-AD11-088594D9A0AD}.Release|Any CPU.ActiveCfg = Release|Any CPU
		{F796E84E-A6E8-4718-AD11-088594D9A0AD}.Release|Any CPU.Build.0 = Release|Any CPU
		{4B846C9E-BDE5-4EC2-8317-F5083FEB79A0}.Debug|Any CPU.ActiveCfg = Debug|Any CPU
		{4B846C9E-BDE5-4EC2-8317-F5083FEB79A0}.Debug|Any CPU.Build.0 = Debug|Any CPU
		{4B846C9E-BDE5-4EC2-8317-F5083FEB79A0}.Release|Any CPU.ActiveCfg = Release|Any CPU
		{4B846C9E-BDE5-4EC2-8317-F5083FEB79A0}.Release|Any CPU.Build.0 = Release|Any CPU
		{D4F2E14A-1548-497D-BADA-ECD56F92DCE5}.Debug|Any CPU.ActiveCfg = Debug|Any CPU
		{D4F2E14A-1548-497D-BADA-ECD56F92DCE5}.Debug|Any CPU.Build.0 = Debug|Any CPU
		{D4F2E14A-1548-497D-BADA-ECD56F92DCE5}.Release|Any CPU.ActiveCfg = Release|Any CPU
		{D4F2E14A-1548-497D-BADA-ECD56F92DCE5}.Release|Any CPU.Build.0 = Release|Any CPU
		{0AD29188-B745-4C4B-91B6-394A058E874B}.Debug|Any CPU.ActiveCfg = Debug|Any CPU
		{0AD29188-B745-4C4B-91B6-394A058E874B}.Debug|Any CPU.Build.0 = Debug|Any CPU
		{0AD29188-B745-4C4B-91B6-394A058E874B}.Release|Any CPU.ActiveCfg = Release|Any CPU
		{0AD29188-B745-4C4B-91B6-394A058E874B}.Release|Any CPU.Build.0 = Release|Any CPU
		{0E92DC2F-FFE3-4448-A11A-1D2377308B2F}.Debug|Any CPU.ActiveCfg = Debug|Any CPU
		{0E92DC2F-FFE3-4448-A11A-1D2377308B2F}.Debug|Any CPU.Build.0 = Debug|Any CPU
		{0E92DC2F-FFE3-4448-A11A-1D2377308B2F}.Release|Any CPU.ActiveCfg = Release|Any CPU
		{0E92DC2F-FFE3-4448-A11A-1D2377308B2F}.Release|Any CPU.Build.0 = Release|Any CPU
		{34CE70D8-C7D8-47DF-B6F7-525FDB8DE761}.Debug|Any CPU.ActiveCfg = Debug|Any CPU
		{34CE70D8-C7D8-47DF-B6F7-525FDB8DE761}.Debug|Any CPU.Build.0 = Debug|Any CPU
		{34CE70D8-C7D8-47DF-B6F7-525FDB8DE761}.Release|Any CPU.ActiveCfg = Release|Any CPU
		{34CE70D8-C7D8-47DF-B6F7-525FDB8DE761}.Release|Any CPU.Build.0 = Release|Any CPU
		{F13F5AAB-2F96-4475-8F21-0C029C9C3984}.Debug|Any CPU.ActiveCfg = Debug|Any CPU
		{F13F5AAB-2F96-4475-8F21-0C029C9C3984}.Debug|Any CPU.Build.0 = Debug|Any CPU
		{F13F5AAB-2F96-4475-8F21-0C029C9C3984}.Release|Any CPU.ActiveCfg = Release|Any CPU
		{F13F5AAB-2F96-4475-8F21-0C029C9C3984}.Release|Any CPU.Build.0 = Release|Any CPU
		{AA45B88F-88B1-468E-9BF8-26717445CBA2}.Debug|Any CPU.ActiveCfg = Debug|Any CPU
		{AA45B88F-88B1-468E-9BF8-26717445CBA2}.Debug|Any CPU.Build.0 = Debug|Any CPU
		{AA45B88F-88B1-468E-9BF8-26717445CBA2}.Release|Any CPU.ActiveCfg = Release|Any CPU
		{AA45B88F-88B1-468E-9BF8-26717445CBA2}.Release|Any CPU.Build.0 = Release|Any CPU
		{4E85B7A6-0FFB-4F2B-8D48-784B53A1EB75}.Debug|Any CPU.ActiveCfg = Debug|Any CPU
		{4E85B7A6-0FFB-4F2B-8D48-784B53A1EB75}.Debug|Any CPU.Build.0 = Debug|Any CPU
		{4E85B7A6-0FFB-4F2B-8D48-784B53A1EB75}.Release|Any CPU.ActiveCfg = Release|Any CPU
		{4E85B7A6-0FFB-4F2B-8D48-784B53A1EB75}.Release|Any CPU.Build.0 = Release|Any CPU
		{9C2A9869-49A9-4F61-97BE-1EF7C7B0146B}.Debug|Any CPU.ActiveCfg = Debug|Any CPU
		{9C2A9869-49A9-4F61-97BE-1EF7C7B0146B}.Debug|Any CPU.Build.0 = Debug|Any CPU
		{9C2A9869-49A9-4F61-97BE-1EF7C7B0146B}.Release|Any CPU.ActiveCfg = Release|Any CPU
		{9C2A9869-49A9-4F61-97BE-1EF7C7B0146B}.Release|Any CPU.Build.0 = Release|Any CPU
		{4A8EF929-9FC9-4233-9F67-56A77CADD936}.Debug|Any CPU.ActiveCfg = Debug|Any CPU
		{4A8EF929-9FC9-4233-9F67-56A77CADD936}.Debug|Any CPU.Build.0 = Debug|Any CPU
		{4A8EF929-9FC9-4233-9F67-56A77CADD936}.Release|Any CPU.ActiveCfg = Release|Any CPU
		{4A8EF929-9FC9-4233-9F67-56A77CADD936}.Release|Any CPU.Build.0 = Release|Any CPU
		{58FAFEE5-05D2-49A5-8FD6-38227C67562F}.Debug|Any CPU.ActiveCfg = Debug|Any CPU
		{58FAFEE5-05D2-49A5-8FD6-38227C67562F}.Debug|Any CPU.Build.0 = Debug|Any CPU
		{58FAFEE5-05D2-49A5-8FD6-38227C67562F}.Release|Any CPU.ActiveCfg = Release|Any CPU
		{58FAFEE5-05D2-49A5-8FD6-38227C67562F}.Release|Any CPU.Build.0 = Release|Any CPU
		{1C8CFD7F-B900-4D7E-965C-792F14759567}.Debug|Any CPU.ActiveCfg = Debug|Any CPU
		{1C8CFD7F-B900-4D7E-965C-792F14759567}.Debug|Any CPU.Build.0 = Debug|Any CPU
		{1C8CFD7F-B900-4D7E-965C-792F14759567}.Release|Any CPU.ActiveCfg = Release|Any CPU
		{1C8CFD7F-B900-4D7E-965C-792F14759567}.Release|Any CPU.Build.0 = Release|Any CPU
		{7B811753-7539-4A68-9345-0AF171C8C15E}.Debug|Any CPU.ActiveCfg = Debug|Any CPU
		{7B811753-7539-4A68-9345-0AF171C8C15E}.Debug|Any CPU.Build.0 = Debug|Any CPU
		{7B811753-7539-4A68-9345-0AF171C8C15E}.Release|Any CPU.ActiveCfg = Release|Any CPU
		{7B811753-7539-4A68-9345-0AF171C8C15E}.Release|Any CPU.Build.0 = Release|Any CPU
		{EDC7F02F-24E0-4F95-80BD-3CF14053BC2E}.Debug|Any CPU.ActiveCfg = Debug|Any CPU
		{EDC7F02F-24E0-4F95-80BD-3CF14053BC2E}.Debug|Any CPU.Build.0 = Debug|Any CPU
		{EDC7F02F-24E0-4F95-80BD-3CF14053BC2E}.Release|Any CPU.ActiveCfg = Release|Any CPU
		{EDC7F02F-24E0-4F95-80BD-3CF14053BC2E}.Release|Any CPU.Build.0 = Release|Any CPU
		{EBE2A840-C4DD-40D7-AD84-E5D3AEBD9F8F}.Debug|Any CPU.ActiveCfg = Debug|Any CPU
		{EBE2A840-C4DD-40D7-AD84-E5D3AEBD9F8F}.Debug|Any CPU.Build.0 = Debug|Any CPU
		{EBE2A840-C4DD-40D7-AD84-E5D3AEBD9F8F}.Release|Any CPU.ActiveCfg = Release|Any CPU
		{EBE2A840-C4DD-40D7-AD84-E5D3AEBD9F8F}.Release|Any CPU.Build.0 = Release|Any CPU
		{D7279F2D-9DCD-4BD4-A570-6F9B7CDAAF57}.Debug|Any CPU.ActiveCfg = Debug|Any CPU
		{D7279F2D-9DCD-4BD4-A570-6F9B7CDAAF57}.Debug|Any CPU.Build.0 = Debug|Any CPU
		{D7279F2D-9DCD-4BD4-A570-6F9B7CDAAF57}.Release|Any CPU.ActiveCfg = Release|Any CPU
		{D7279F2D-9DCD-4BD4-A570-6F9B7CDAAF57}.Release|Any CPU.Build.0 = Release|Any CPU
		{11BAD6E2-AC65-4E49-8F5B-417FA545A22C}.Debug|Any CPU.ActiveCfg = Debug|Any CPU
		{11BAD6E2-AC65-4E49-8F5B-417FA545A22C}.Debug|Any CPU.Build.0 = Debug|Any CPU
		{11BAD6E2-AC65-4E49-8F5B-417FA545A22C}.Release|Any CPU.ActiveCfg = Release|Any CPU
		{11BAD6E2-AC65-4E49-8F5B-417FA545A22C}.Release|Any CPU.Build.0 = Release|Any CPU
		{85E0F8A7-6240-487A-A512-8D8FC2969722}.Debug|Any CPU.ActiveCfg = Debug|Any CPU
		{85E0F8A7-6240-487A-A512-8D8FC2969722}.Debug|Any CPU.Build.0 = Debug|Any CPU
		{85E0F8A7-6240-487A-A512-8D8FC2969722}.Release|Any CPU.ActiveCfg = Release|Any CPU
		{85E0F8A7-6240-487A-A512-8D8FC2969722}.Release|Any CPU.Build.0 = Release|Any CPU
		{312F6204-1054-4D0E-A0A3-907CF4E49017}.Debug|Any CPU.ActiveCfg = Debug|Any CPU
		{312F6204-1054-4D0E-A0A3-907CF4E49017}.Debug|Any CPU.Build.0 = Debug|Any CPU
		{312F6204-1054-4D0E-A0A3-907CF4E49017}.Release|Any CPU.ActiveCfg = Release|Any CPU
		{312F6204-1054-4D0E-A0A3-907CF4E49017}.Release|Any CPU.Build.0 = Release|Any CPU
		{3C7017F0-42B3-4FFC-B145-330401C63E0B}.Debug|Any CPU.ActiveCfg = Debug|Any CPU
		{3C7017F0-42B3-4FFC-B145-330401C63E0B}.Debug|Any CPU.Build.0 = Debug|Any CPU
		{3C7017F0-42B3-4FFC-B145-330401C63E0B}.Release|Any CPU.ActiveCfg = Release|Any CPU
		{3C7017F0-42B3-4FFC-B145-330401C63E0B}.Release|Any CPU.Build.0 = Release|Any CPU
		{B9013B43-B4D1-4CA7-B11E-F9353E4925C1}.Debug|Any CPU.ActiveCfg = Debug|Any CPU
		{B9013B43-B4D1-4CA7-B11E-F9353E4925C1}.Debug|Any CPU.Build.0 = Debug|Any CPU
		{B9013B43-B4D1-4CA7-B11E-F9353E4925C1}.Release|Any CPU.ActiveCfg = Release|Any CPU
		{B9013B43-B4D1-4CA7-B11E-F9353E4925C1}.Release|Any CPU.Build.0 = Release|Any CPU
		{EA76F60E-A974-45EF-956E-3B144EB7142C}.Debug|Any CPU.ActiveCfg = Debug|Any CPU
		{EA76F60E-A974-45EF-956E-3B144EB7142C}.Debug|Any CPU.Build.0 = Debug|Any CPU
		{EA76F60E-A974-45EF-956E-3B144EB7142C}.Release|Any CPU.ActiveCfg = Release|Any CPU
		{EA76F60E-A974-45EF-956E-3B144EB7142C}.Release|Any CPU.Build.0 = Release|Any CPU
		{158844D1-AC3B-4C0C-A463-222D6F1F7870}.Debug|Any CPU.ActiveCfg = Debug|Any CPU
		{158844D1-AC3B-4C0C-A463-222D6F1F7870}.Debug|Any CPU.Build.0 = Debug|Any CPU
		{158844D1-AC3B-4C0C-A463-222D6F1F7870}.Release|Any CPU.ActiveCfg = Release|Any CPU
		{158844D1-AC3B-4C0C-A463-222D6F1F7870}.Release|Any CPU.Build.0 = Release|Any CPU
		{F4DCDF98-DBBA-43A7-A40D-270309A6F6AE}.Debug|Any CPU.ActiveCfg = Debug|Any CPU
		{F4DCDF98-DBBA-43A7-A40D-270309A6F6AE}.Debug|Any CPU.Build.0 = Debug|Any CPU
		{F4DCDF98-DBBA-43A7-A40D-270309A6F6AE}.Release|Any CPU.ActiveCfg = Release|Any CPU
		{F4DCDF98-DBBA-43A7-A40D-270309A6F6AE}.Release|Any CPU.Build.0 = Release|Any CPU
		{0996E091-F3C2-40D1-A977-8663E6FAFC6B}.Debug|Any CPU.ActiveCfg = Debug|Any CPU
		{0996E091-F3C2-40D1-A977-8663E6FAFC6B}.Debug|Any CPU.Build.0 = Debug|Any CPU
		{0996E091-F3C2-40D1-A977-8663E6FAFC6B}.Release|Any CPU.ActiveCfg = Release|Any CPU
		{0996E091-F3C2-40D1-A977-8663E6FAFC6B}.Release|Any CPU.Build.0 = Release|Any CPU
		{2B6B9B6B-44D4-43A2-9A4E-278B75E2929F}.Debug|Any CPU.ActiveCfg = Debug|Any CPU
		{2B6B9B6B-44D4-43A2-9A4E-278B75E2929F}.Debug|Any CPU.Build.0 = Debug|Any CPU
		{2B6B9B6B-44D4-43A2-9A4E-278B75E2929F}.Release|Any CPU.ActiveCfg = Release|Any CPU
		{2B6B9B6B-44D4-43A2-9A4E-278B75E2929F}.Release|Any CPU.Build.0 = Release|Any CPU
		{ADA43F0D-CF48-4F26-A088-C186CD5658C3}.Debug|Any CPU.ActiveCfg = Debug|Any CPU
		{ADA43F0D-CF48-4F26-A088-C186CD5658C3}.Debug|Any CPU.Build.0 = Debug|Any CPU
		{ADA43F0D-CF48-4F26-A088-C186CD5658C3}.Release|Any CPU.ActiveCfg = Release|Any CPU
		{ADA43F0D-CF48-4F26-A088-C186CD5658C3}.Release|Any CPU.Build.0 = Release|Any CPU
		{65364052-9EA8-4AE0-99C6-5F9582CB5AFF}.Debug|Any CPU.ActiveCfg = Debug|Any CPU
		{65364052-9EA8-4AE0-99C6-5F9582CB5AFF}.Debug|Any CPU.Build.0 = Debug|Any CPU
		{65364052-9EA8-4AE0-99C6-5F9582CB5AFF}.Release|Any CPU.ActiveCfg = Release|Any CPU
		{65364052-9EA8-4AE0-99C6-5F9582CB5AFF}.Release|Any CPU.Build.0 = Release|Any CPU
		{E996B78F-F8C7-4AEF-ACBA-30FBAAA72B64}.Debug|Any CPU.ActiveCfg = Debug|Any CPU
		{E996B78F-F8C7-4AEF-ACBA-30FBAAA72B64}.Debug|Any CPU.Build.0 = Debug|Any CPU
		{E996B78F-F8C7-4AEF-ACBA-30FBAAA72B64}.Release|Any CPU.ActiveCfg = Release|Any CPU
		{E996B78F-F8C7-4AEF-ACBA-30FBAAA72B64}.Release|Any CPU.Build.0 = Release|Any CPU
		{3A25BF38-78BF-4A1E-ABC3-39ECD42AD1D7}.Debug|Any CPU.ActiveCfg = Debug|Any CPU
		{3A25BF38-78BF-4A1E-ABC3-39ECD42AD1D7}.Debug|Any CPU.Build.0 = Debug|Any CPU
		{3A25BF38-78BF-4A1E-ABC3-39ECD42AD1D7}.Release|Any CPU.ActiveCfg = Release|Any CPU
		{3A25BF38-78BF-4A1E-ABC3-39ECD42AD1D7}.Release|Any CPU.Build.0 = Release|Any CPU
		{483548D1-0665-467E-AF15-ACA9B414FFE5}.Debug|Any CPU.ActiveCfg = Debug|Any CPU
		{483548D1-0665-467E-AF15-ACA9B414FFE5}.Debug|Any CPU.Build.0 = Debug|Any CPU
		{483548D1-0665-467E-AF15-ACA9B414FFE5}.Release|Any CPU.ActiveCfg = Release|Any CPU
		{483548D1-0665-467E-AF15-ACA9B414FFE5}.Release|Any CPU.Build.0 = Release|Any CPU
		{F00EB752-2BCC-4C69-9743-9D123E4B4D15}.Debug|Any CPU.ActiveCfg = Debug|Any CPU
		{F00EB752-2BCC-4C69-9743-9D123E4B4D15}.Debug|Any CPU.Build.0 = Debug|Any CPU
		{F00EB752-2BCC-4C69-9743-9D123E4B4D15}.Release|Any CPU.ActiveCfg = Release|Any CPU
		{F00EB752-2BCC-4C69-9743-9D123E4B4D15}.Release|Any CPU.Build.0 = Release|Any CPU
		{097EEB03-871E-42B4-9CE7-71EEB70ECCD0}.Debug|Any CPU.ActiveCfg = Debug|Any CPU
		{097EEB03-871E-42B4-9CE7-71EEB70ECCD0}.Debug|Any CPU.Build.0 = Debug|Any CPU
		{097EEB03-871E-42B4-9CE7-71EEB70ECCD0}.Release|Any CPU.ActiveCfg = Release|Any CPU
		{097EEB03-871E-42B4-9CE7-71EEB70ECCD0}.Release|Any CPU.Build.0 = Release|Any CPU
		{C99B7F89-B232-48F4-898F-BFFEF06677D1}.Debug|Any CPU.ActiveCfg = Debug|Any CPU
		{C99B7F89-B232-48F4-898F-BFFEF06677D1}.Debug|Any CPU.Build.0 = Debug|Any CPU
		{C99B7F89-B232-48F4-898F-BFFEF06677D1}.Release|Any CPU.ActiveCfg = Release|Any CPU
		{C99B7F89-B232-48F4-898F-BFFEF06677D1}.Release|Any CPU.Build.0 = Release|Any CPU
		{772CD5E0-75BF-40A9-AB3D-5C5AE8DD71BF}.Debug|Any CPU.ActiveCfg = Debug|Any CPU
		{772CD5E0-75BF-40A9-AB3D-5C5AE8DD71BF}.Debug|Any CPU.Build.0 = Debug|Any CPU
		{772CD5E0-75BF-40A9-AB3D-5C5AE8DD71BF}.Release|Any CPU.ActiveCfg = Release|Any CPU
		{772CD5E0-75BF-40A9-AB3D-5C5AE8DD71BF}.Release|Any CPU.Build.0 = Release|Any CPU
		{9430E59C-CA71-40D1-A2BC-EFE74C555B1F}.Debug|Any CPU.ActiveCfg = Debug|Any CPU
		{9430E59C-CA71-40D1-A2BC-EFE74C555B1F}.Debug|Any CPU.Build.0 = Debug|Any CPU
		{9430E59C-CA71-40D1-A2BC-EFE74C555B1F}.Release|Any CPU.ActiveCfg = Release|Any CPU
		{9430E59C-CA71-40D1-A2BC-EFE74C555B1F}.Release|Any CPU.Build.0 = Release|Any CPU
		{6832825D-0F2C-4C45-B824-E696DC8D358B}.Debug|Any CPU.ActiveCfg = Debug|Any CPU
		{6832825D-0F2C-4C45-B824-E696DC8D358B}.Debug|Any CPU.Build.0 = Debug|Any CPU
		{6832825D-0F2C-4C45-B824-E696DC8D358B}.Release|Any CPU.ActiveCfg = Release|Any CPU
		{6832825D-0F2C-4C45-B824-E696DC8D358B}.Release|Any CPU.Build.0 = Release|Any CPU
		{ECEEF566-1621-4B47-814E-F4B02CE5AC23}.Debug|Any CPU.ActiveCfg = Debug|Any CPU
		{ECEEF566-1621-4B47-814E-F4B02CE5AC23}.Debug|Any CPU.Build.0 = Debug|Any CPU
		{ECEEF566-1621-4B47-814E-F4B02CE5AC23}.Release|Any CPU.ActiveCfg = Release|Any CPU
		{ECEEF566-1621-4B47-814E-F4B02CE5AC23}.Release|Any CPU.Build.0 = Release|Any CPU
		{170BC86D-11B3-476D-A4B7-064196B7982B}.Debug|Any CPU.ActiveCfg = Debug|Any CPU
		{170BC86D-11B3-476D-A4B7-064196B7982B}.Debug|Any CPU.Build.0 = Debug|Any CPU
		{170BC86D-11B3-476D-A4B7-064196B7982B}.Release|Any CPU.ActiveCfg = Release|Any CPU
		{170BC86D-11B3-476D-A4B7-064196B7982B}.Release|Any CPU.Build.0 = Release|Any CPU
		{0536BEFA-7DCE-443C-90A5-8021C9CFAD57}.Debug|Any CPU.ActiveCfg = Debug|Any CPU
		{0536BEFA-7DCE-443C-90A5-8021C9CFAD57}.Debug|Any CPU.Build.0 = Debug|Any CPU
		{0536BEFA-7DCE-443C-90A5-8021C9CFAD57}.Release|Any CPU.ActiveCfg = Release|Any CPU
		{0536BEFA-7DCE-443C-90A5-8021C9CFAD57}.Release|Any CPU.Build.0 = Release|Any CPU
		{57EC6F0B-305E-4057-8409-19323F57EF49}.Debug|Any CPU.ActiveCfg = Debug|Any CPU
		{57EC6F0B-305E-4057-8409-19323F57EF49}.Debug|Any CPU.Build.0 = Debug|Any CPU
		{57EC6F0B-305E-4057-8409-19323F57EF49}.Release|Any CPU.ActiveCfg = Release|Any CPU
		{57EC6F0B-305E-4057-8409-19323F57EF49}.Release|Any CPU.Build.0 = Release|Any CPU
		{4EB7414F-018D-48A5-9F1B-EA93420DBA52}.Debug|Any CPU.ActiveCfg = Debug|Any CPU
		{4EB7414F-018D-48A5-9F1B-EA93420DBA52}.Debug|Any CPU.Build.0 = Debug|Any CPU
		{4EB7414F-018D-48A5-9F1B-EA93420DBA52}.Release|Any CPU.ActiveCfg = Release|Any CPU
		{4EB7414F-018D-48A5-9F1B-EA93420DBA52}.Release|Any CPU.Build.0 = Release|Any CPU
		{D50230C8-B157-4465-9806-89DE599855C0}.Debug|Any CPU.ActiveCfg = Debug|Any CPU
		{D50230C8-B157-4465-9806-89DE599855C0}.Debug|Any CPU.Build.0 = Debug|Any CPU
		{D50230C8-B157-4465-9806-89DE599855C0}.Release|Any CPU.ActiveCfg = Release|Any CPU
		{D50230C8-B157-4465-9806-89DE599855C0}.Release|Any CPU.Build.0 = Release|Any CPU
		{2AFC2C70-EFA9-48C3-AE26-D7EC4BC48B2F}.Debug|Any CPU.ActiveCfg = Debug|Any CPU
		{2AFC2C70-EFA9-48C3-AE26-D7EC4BC48B2F}.Debug|Any CPU.Build.0 = Debug|Any CPU
		{2AFC2C70-EFA9-48C3-AE26-D7EC4BC48B2F}.Release|Any CPU.ActiveCfg = Release|Any CPU
		{2AFC2C70-EFA9-48C3-AE26-D7EC4BC48B2F}.Release|Any CPU.Build.0 = Release|Any CPU
		{5BD997C3-DEEB-472F-80DF-E37C1E5BFA46}.Debug|Any CPU.ActiveCfg = Debug|Any CPU
		{5BD997C3-DEEB-472F-80DF-E37C1E5BFA46}.Debug|Any CPU.Build.0 = Debug|Any CPU
		{5BD997C3-DEEB-472F-80DF-E37C1E5BFA46}.Release|Any CPU.ActiveCfg = Release|Any CPU
		{5BD997C3-DEEB-472F-80DF-E37C1E5BFA46}.Release|Any CPU.Build.0 = Release|Any CPU
		{560565D9-FF43-4883-B768-704A9D394B71}.Debug|Any CPU.ActiveCfg = Debug|Any CPU
		{560565D9-FF43-4883-B768-704A9D394B71}.Debug|Any CPU.Build.0 = Debug|Any CPU
		{560565D9-FF43-4883-B768-704A9D394B71}.Release|Any CPU.ActiveCfg = Release|Any CPU
		{560565D9-FF43-4883-B768-704A9D394B71}.Release|Any CPU.Build.0 = Release|Any CPU
		{FB9B83AC-D83B-4B01-8C8E-DBE65B136517}.Debug|Any CPU.ActiveCfg = Debug|Any CPU
		{FB9B83AC-D83B-4B01-8C8E-DBE65B136517}.Debug|Any CPU.Build.0 = Debug|Any CPU
		{FB9B83AC-D83B-4B01-8C8E-DBE65B136517}.Release|Any CPU.ActiveCfg = Release|Any CPU
		{FB9B83AC-D83B-4B01-8C8E-DBE65B136517}.Release|Any CPU.Build.0 = Release|Any CPU
		{0125CCC1-5250-4F32-B2A7-E27123010137}.Debug|Any CPU.ActiveCfg = Debug|Any CPU
		{0125CCC1-5250-4F32-B2A7-E27123010137}.Debug|Any CPU.Build.0 = Debug|Any CPU
		{0125CCC1-5250-4F32-B2A7-E27123010137}.Release|Any CPU.ActiveCfg = Release|Any CPU
		{0125CCC1-5250-4F32-B2A7-E27123010137}.Release|Any CPU.Build.0 = Release|Any CPU
		{96FD64D8-CADD-4875-AA76-CD97028D5899}.Debug|Any CPU.ActiveCfg = Debug|Any CPU
		{96FD64D8-CADD-4875-AA76-CD97028D5899}.Debug|Any CPU.Build.0 = Debug|Any CPU
		{96FD64D8-CADD-4875-AA76-CD97028D5899}.Release|Any CPU.ActiveCfg = Release|Any CPU
		{96FD64D8-CADD-4875-AA76-CD97028D5899}.Release|Any CPU.Build.0 = Release|Any CPU
		{C8BA1064-4CC9-4407-97E4-4C4100025390}.Debug|Any CPU.ActiveCfg = Debug|Any CPU
		{C8BA1064-4CC9-4407-97E4-4C4100025390}.Debug|Any CPU.Build.0 = Debug|Any CPU
		{C8BA1064-4CC9-4407-97E4-4C4100025390}.Release|Any CPU.ActiveCfg = Release|Any CPU
		{C8BA1064-4CC9-4407-97E4-4C4100025390}.Release|Any CPU.Build.0 = Release|Any CPU
		{936E5A95-4A90-402A-BE3D-AF806D38A31F}.Debug|Any CPU.ActiveCfg = Debug|Any CPU
		{936E5A95-4A90-402A-BE3D-AF806D38A31F}.Debug|Any CPU.Build.0 = Debug|Any CPU
		{936E5A95-4A90-402A-BE3D-AF806D38A31F}.Release|Any CPU.ActiveCfg = Release|Any CPU
		{936E5A95-4A90-402A-BE3D-AF806D38A31F}.Release|Any CPU.Build.0 = Release|Any CPU
		{48D5EA2E-478F-49D6-A2C0-786BE2635743}.Debug|Any CPU.ActiveCfg = Debug|Any CPU
		{48D5EA2E-478F-49D6-A2C0-786BE2635743}.Debug|Any CPU.Build.0 = Debug|Any CPU
		{48D5EA2E-478F-49D6-A2C0-786BE2635743}.Release|Any CPU.ActiveCfg = Release|Any CPU
		{48D5EA2E-478F-49D6-A2C0-786BE2635743}.Release|Any CPU.Build.0 = Release|Any CPU
		{819D10C4-7267-482B-8A53-BEE87024ED39}.Debug|Any CPU.ActiveCfg = Debug|Any CPU
		{819D10C4-7267-482B-8A53-BEE87024ED39}.Debug|Any CPU.Build.0 = Debug|Any CPU
		{819D10C4-7267-482B-8A53-BEE87024ED39}.Release|Any CPU.ActiveCfg = Release|Any CPU
		{819D10C4-7267-482B-8A53-BEE87024ED39}.Release|Any CPU.Build.0 = Release|Any CPU
		{DD519674-D716-4C75-A1B7-F3F1709653B6}.Debug|Any CPU.ActiveCfg = Debug|Any CPU
		{DD519674-D716-4C75-A1B7-F3F1709653B6}.Debug|Any CPU.Build.0 = Debug|Any CPU
		{DD519674-D716-4C75-A1B7-F3F1709653B6}.Release|Any CPU.ActiveCfg = Release|Any CPU
		{DD519674-D716-4C75-A1B7-F3F1709653B6}.Release|Any CPU.Build.0 = Release|Any CPU
		{D7BABF30-39A0-47C2-9AFD-08BD8C8C9066}.Debug|Any CPU.ActiveCfg = Debug|Any CPU
		{D7BABF30-39A0-47C2-9AFD-08BD8C8C9066}.Debug|Any CPU.Build.0 = Debug|Any CPU
		{D7BABF30-39A0-47C2-9AFD-08BD8C8C9066}.Release|Any CPU.ActiveCfg = Release|Any CPU
		{D7BABF30-39A0-47C2-9AFD-08BD8C8C9066}.Release|Any CPU.Build.0 = Release|Any CPU
		{6B44E16B-61EA-4F00-ADEE-99DB35C3ED48}.Debug|Any CPU.ActiveCfg = Debug|Any CPU
		{6B44E16B-61EA-4F00-ADEE-99DB35C3ED48}.Debug|Any CPU.Build.0 = Debug|Any CPU
		{6B44E16B-61EA-4F00-ADEE-99DB35C3ED48}.Release|Any CPU.ActiveCfg = Release|Any CPU
		{6B44E16B-61EA-4F00-ADEE-99DB35C3ED48}.Release|Any CPU.Build.0 = Release|Any CPU
		{8F26A3BA-9FE6-4EBA-A7A9-E9C7339264E1}.Debug|Any CPU.ActiveCfg = Debug|Any CPU
		{8F26A3BA-9FE6-4EBA-A7A9-E9C7339264E1}.Debug|Any CPU.Build.0 = Debug|Any CPU
		{8F26A3BA-9FE6-4EBA-A7A9-E9C7339264E1}.Release|Any CPU.ActiveCfg = Release|Any CPU
		{8F26A3BA-9FE6-4EBA-A7A9-E9C7339264E1}.Release|Any CPU.Build.0 = Release|Any CPU
		{42AAFF0A-52A9-488A-AD93-08CA9D3ED2F9}.Debug|Any CPU.ActiveCfg = Debug|Any CPU
		{42AAFF0A-52A9-488A-AD93-08CA9D3ED2F9}.Debug|Any CPU.Build.0 = Debug|Any CPU
		{42AAFF0A-52A9-488A-AD93-08CA9D3ED2F9}.Release|Any CPU.ActiveCfg = Release|Any CPU
		{42AAFF0A-52A9-488A-AD93-08CA9D3ED2F9}.Release|Any CPU.Build.0 = Release|Any CPU
		{575A8394-7010-4BA0-B3EA-283B5A912518}.Debug|Any CPU.ActiveCfg = Debug|Any CPU
		{575A8394-7010-4BA0-B3EA-283B5A912518}.Debug|Any CPU.Build.0 = Debug|Any CPU
		{575A8394-7010-4BA0-B3EA-283B5A912518}.Release|Any CPU.ActiveCfg = Release|Any CPU
		{575A8394-7010-4BA0-B3EA-283B5A912518}.Release|Any CPU.Build.0 = Release|Any CPU
		{6F5BB059-F8FE-4A88-916D-6E6CFF578711}.Debug|Any CPU.ActiveCfg = Debug|Any CPU
		{6F5BB059-F8FE-4A88-916D-6E6CFF578711}.Debug|Any CPU.Build.0 = Debug|Any CPU
		{6F5BB059-F8FE-4A88-916D-6E6CFF578711}.Release|Any CPU.ActiveCfg = Release|Any CPU
		{6F5BB059-F8FE-4A88-916D-6E6CFF578711}.Release|Any CPU.Build.0 = Release|Any CPU
		{49A87B71-A17D-480F-85F2-67DA891F92AC}.Debug|Any CPU.ActiveCfg = Debug|Any CPU
		{49A87B71-A17D-480F-85F2-67DA891F92AC}.Debug|Any CPU.Build.0 = Debug|Any CPU
		{49A87B71-A17D-480F-85F2-67DA891F92AC}.Release|Any CPU.ActiveCfg = Release|Any CPU
		{49A87B71-A17D-480F-85F2-67DA891F92AC}.Release|Any CPU.Build.0 = Release|Any CPU
		{E10BF578-BC17-4BBA-8EB1-A8F688F6BA21}.Debug|Any CPU.ActiveCfg = Debug|Any CPU
		{E10BF578-BC17-4BBA-8EB1-A8F688F6BA21}.Debug|Any CPU.Build.0 = Debug|Any CPU
		{E10BF578-BC17-4BBA-8EB1-A8F688F6BA21}.Release|Any CPU.ActiveCfg = Release|Any CPU
		{E10BF578-BC17-4BBA-8EB1-A8F688F6BA21}.Release|Any CPU.Build.0 = Release|Any CPU
		{EAF18961-ECE5-4CFE-9E9C-284D329F3AFB}.Debug|Any CPU.ActiveCfg = Debug|Any CPU
		{EAF18961-ECE5-4CFE-9E9C-284D329F3AFB}.Debug|Any CPU.Build.0 = Debug|Any CPU
		{EAF18961-ECE5-4CFE-9E9C-284D329F3AFB}.Release|Any CPU.ActiveCfg = Release|Any CPU
		{EAF18961-ECE5-4CFE-9E9C-284D329F3AFB}.Release|Any CPU.Build.0 = Release|Any CPU
		{40B5C981-47F2-4307-AB4A-D3A2AB45912F}.Debug|Any CPU.ActiveCfg = Debug|Any CPU
		{40B5C981-47F2-4307-AB4A-D3A2AB45912F}.Debug|Any CPU.Build.0 = Debug|Any CPU
		{40B5C981-47F2-4307-AB4A-D3A2AB45912F}.Release|Any CPU.ActiveCfg = Release|Any CPU
		{40B5C981-47F2-4307-AB4A-D3A2AB45912F}.Release|Any CPU.Build.0 = Release|Any CPU
		{6E37A1A5-B351-4E40-B803-2F6E2C7E1487}.Debug|Any CPU.ActiveCfg = Debug|Any CPU
		{6E37A1A5-B351-4E40-B803-2F6E2C7E1487}.Debug|Any CPU.Build.0 = Debug|Any CPU
		{6E37A1A5-B351-4E40-B803-2F6E2C7E1487}.Release|Any CPU.ActiveCfg = Release|Any CPU
		{6E37A1A5-B351-4E40-B803-2F6E2C7E1487}.Release|Any CPU.Build.0 = Release|Any CPU
		{3606D6CC-3ACC-412F-8E98-4C1D9696802B}.Debug|Any CPU.ActiveCfg = Debug|Any CPU
		{3606D6CC-3ACC-412F-8E98-4C1D9696802B}.Debug|Any CPU.Build.0 = Debug|Any CPU
		{3606D6CC-3ACC-412F-8E98-4C1D9696802B}.Release|Any CPU.ActiveCfg = Release|Any CPU
		{3606D6CC-3ACC-412F-8E98-4C1D9696802B}.Release|Any CPU.Build.0 = Release|Any CPU
		{D12E95EB-F111-4A2F-9661-80A744CF0F5C}.Debug|Any CPU.ActiveCfg = Debug|Any CPU
		{D12E95EB-F111-4A2F-9661-80A744CF0F5C}.Debug|Any CPU.Build.0 = Debug|Any CPU
		{D12E95EB-F111-4A2F-9661-80A744CF0F5C}.Release|Any CPU.ActiveCfg = Release|Any CPU
		{D12E95EB-F111-4A2F-9661-80A744CF0F5C}.Release|Any CPU.Build.0 = Release|Any CPU
		{7BFE527E-AAE8-461A-BF50-EB8B8D195E55}.Debug|Any CPU.ActiveCfg = Debug|Any CPU
		{7BFE527E-AAE8-461A-BF50-EB8B8D195E55}.Debug|Any CPU.Build.0 = Debug|Any CPU
		{7BFE527E-AAE8-461A-BF50-EB8B8D195E55}.Release|Any CPU.ActiveCfg = Release|Any CPU
		{7BFE527E-AAE8-461A-BF50-EB8B8D195E55}.Release|Any CPU.Build.0 = Release|Any CPU
		{53F1AE93-C853-4F6E-AC20-34764EBA200A}.Debug|Any CPU.ActiveCfg = Debug|Any CPU
		{53F1AE93-C853-4F6E-AC20-34764EBA200A}.Debug|Any CPU.Build.0 = Debug|Any CPU
		{53F1AE93-C853-4F6E-AC20-34764EBA200A}.Release|Any CPU.ActiveCfg = Release|Any CPU
		{53F1AE93-C853-4F6E-AC20-34764EBA200A}.Release|Any CPU.Build.0 = Release|Any CPU
		{D883B003-122E-44C3-A869-EA2C1BDF72B3}.Debug|Any CPU.ActiveCfg = Debug|Any CPU
		{D883B003-122E-44C3-A869-EA2C1BDF72B3}.Debug|Any CPU.Build.0 = Debug|Any CPU
		{D883B003-122E-44C3-A869-EA2C1BDF72B3}.Release|Any CPU.ActiveCfg = Release|Any CPU
		{D883B003-122E-44C3-A869-EA2C1BDF72B3}.Release|Any CPU.Build.0 = Release|Any CPU
		{16CAFCE0-5D13-4B3A-BD54-A62441E6560A}.Debug|Any CPU.ActiveCfg = Debug|Any CPU
		{16CAFCE0-5D13-4B3A-BD54-A62441E6560A}.Debug|Any CPU.Build.0 = Debug|Any CPU
		{16CAFCE0-5D13-4B3A-BD54-A62441E6560A}.Release|Any CPU.ActiveCfg = Release|Any CPU
		{16CAFCE0-5D13-4B3A-BD54-A62441E6560A}.Release|Any CPU.Build.0 = Release|Any CPU
		{30B40B93-06B0-49E0-B73F-E756293ACB1D}.Debug|Any CPU.ActiveCfg = Debug|Any CPU
		{30B40B93-06B0-49E0-B73F-E756293ACB1D}.Debug|Any CPU.Build.0 = Debug|Any CPU
		{30B40B93-06B0-49E0-B73F-E756293ACB1D}.Release|Any CPU.ActiveCfg = Release|Any CPU
		{30B40B93-06B0-49E0-B73F-E756293ACB1D}.Release|Any CPU.Build.0 = Release|Any CPU
		{1057690C-132A-402C-A481-EADB21D6A893}.Debug|Any CPU.ActiveCfg = Debug|Any CPU
		{1057690C-132A-402C-A481-EADB21D6A893}.Debug|Any CPU.Build.0 = Debug|Any CPU
		{1057690C-132A-402C-A481-EADB21D6A893}.Release|Any CPU.ActiveCfg = Release|Any CPU
		{1057690C-132A-402C-A481-EADB21D6A893}.Release|Any CPU.Build.0 = Release|Any CPU
		{5BDA15C1-E71B-4817-8361-641E004A54FF}.Debug|Any CPU.ActiveCfg = Debug|Any CPU
		{5BDA15C1-E71B-4817-8361-641E004A54FF}.Debug|Any CPU.Build.0 = Debug|Any CPU
		{5BDA15C1-E71B-4817-8361-641E004A54FF}.Release|Any CPU.ActiveCfg = Release|Any CPU
		{5BDA15C1-E71B-4817-8361-641E004A54FF}.Release|Any CPU.Build.0 = Release|Any CPU
		{E369F806-24F6-4DF1-97E8-215156A1B8C8}.Debug|Any CPU.ActiveCfg = Debug|Any CPU
		{E369F806-24F6-4DF1-97E8-215156A1B8C8}.Debug|Any CPU.Build.0 = Debug|Any CPU
		{E369F806-24F6-4DF1-97E8-215156A1B8C8}.Release|Any CPU.ActiveCfg = Release|Any CPU
		{E369F806-24F6-4DF1-97E8-215156A1B8C8}.Release|Any CPU.Build.0 = Release|Any CPU
		{2F2FC00D-34E8-48C2-A6F4-AE3D7F60CA8A}.Debug|Any CPU.ActiveCfg = Debug|Any CPU
		{2F2FC00D-34E8-48C2-A6F4-AE3D7F60CA8A}.Debug|Any CPU.Build.0 = Debug|Any CPU
		{2F2FC00D-34E8-48C2-A6F4-AE3D7F60CA8A}.Release|Any CPU.ActiveCfg = Release|Any CPU
		{2F2FC00D-34E8-48C2-A6F4-AE3D7F60CA8A}.Release|Any CPU.Build.0 = Release|Any CPU
		{2CB79754-DF24-4BE3-9B63-AACD4A8B45BC}.Debug|Any CPU.ActiveCfg = Debug|Any CPU
		{2CB79754-DF24-4BE3-9B63-AACD4A8B45BC}.Debug|Any CPU.Build.0 = Debug|Any CPU
		{2CB79754-DF24-4BE3-9B63-AACD4A8B45BC}.Release|Any CPU.ActiveCfg = Release|Any CPU
		{2CB79754-DF24-4BE3-9B63-AACD4A8B45BC}.Release|Any CPU.Build.0 = Release|Any CPU
		{BCF6D330-DD16-4AA8-9433-F4C8543E320C}.Debug|Any CPU.ActiveCfg = Debug|Any CPU
		{BCF6D330-DD16-4AA8-9433-F4C8543E320C}.Debug|Any CPU.Build.0 = Debug|Any CPU
		{BCF6D330-DD16-4AA8-9433-F4C8543E320C}.Release|Any CPU.ActiveCfg = Release|Any CPU
		{BCF6D330-DD16-4AA8-9433-F4C8543E320C}.Release|Any CPU.Build.0 = Release|Any CPU
		{87142B4E-54ED-4E54-9AD8-11930FEADDCA}.Debug|Any CPU.ActiveCfg = Debug|Any CPU
		{87142B4E-54ED-4E54-9AD8-11930FEADDCA}.Debug|Any CPU.Build.0 = Debug|Any CPU
		{87142B4E-54ED-4E54-9AD8-11930FEADDCA}.Release|Any CPU.ActiveCfg = Release|Any CPU
		{87142B4E-54ED-4E54-9AD8-11930FEADDCA}.Release|Any CPU.Build.0 = Release|Any CPU
		{B24ED936-8805-4DA1-AEFF-9A2A8E5A6242}.Debug|Any CPU.ActiveCfg = Debug|Any CPU
		{B24ED936-8805-4DA1-AEFF-9A2A8E5A6242}.Debug|Any CPU.Build.0 = Debug|Any CPU
		{B24ED936-8805-4DA1-AEFF-9A2A8E5A6242}.Release|Any CPU.ActiveCfg = Release|Any CPU
		{B24ED936-8805-4DA1-AEFF-9A2A8E5A6242}.Release|Any CPU.Build.0 = Release|Any CPU
		{B5FB4FF3-6F6F-4379-AD31-F446F7AAEF4F}.Debug|Any CPU.ActiveCfg = Debug|Any CPU
		{B5FB4FF3-6F6F-4379-AD31-F446F7AAEF4F}.Debug|Any CPU.Build.0 = Debug|Any CPU
		{B5FB4FF3-6F6F-4379-AD31-F446F7AAEF4F}.Release|Any CPU.ActiveCfg = Release|Any CPU
		{B5FB4FF3-6F6F-4379-AD31-F446F7AAEF4F}.Release|Any CPU.Build.0 = Release|Any CPU
		{58C63F48-FF9B-43B5-9401-8482AC15C8AE}.Debug|Any CPU.ActiveCfg = Debug|Any CPU
		{58C63F48-FF9B-43B5-9401-8482AC15C8AE}.Debug|Any CPU.Build.0 = Debug|Any CPU
		{58C63F48-FF9B-43B5-9401-8482AC15C8AE}.Release|Any CPU.ActiveCfg = Release|Any CPU
		{58C63F48-FF9B-43B5-9401-8482AC15C8AE}.Release|Any CPU.Build.0 = Release|Any CPU
		{34182C1D-04A0-4CA8-B30F-D40E5B976C7E}.Debug|Any CPU.ActiveCfg = Debug|Any CPU
		{34182C1D-04A0-4CA8-B30F-D40E5B976C7E}.Debug|Any CPU.Build.0 = Debug|Any CPU
		{34182C1D-04A0-4CA8-B30F-D40E5B976C7E}.Release|Any CPU.ActiveCfg = Release|Any CPU
		{34182C1D-04A0-4CA8-B30F-D40E5B976C7E}.Release|Any CPU.Build.0 = Release|Any CPU
		{C68A78D8-995F-4F8B-8662-FD53D1045BC7}.Debug|Any CPU.ActiveCfg = Debug|Any CPU
		{C68A78D8-995F-4F8B-8662-FD53D1045BC7}.Debug|Any CPU.Build.0 = Debug|Any CPU
		{C68A78D8-995F-4F8B-8662-FD53D1045BC7}.Release|Any CPU.ActiveCfg = Release|Any CPU
		{C68A78D8-995F-4F8B-8662-FD53D1045BC7}.Release|Any CPU.Build.0 = Release|Any CPU
		{A44F1A0C-BE05-43B9-8872-8A9EBEF5046F}.Debug|Any CPU.ActiveCfg = Debug|Any CPU
		{A44F1A0C-BE05-43B9-8872-8A9EBEF5046F}.Debug|Any CPU.Build.0 = Debug|Any CPU
		{A44F1A0C-BE05-43B9-8872-8A9EBEF5046F}.Release|Any CPU.ActiveCfg = Release|Any CPU
		{A44F1A0C-BE05-43B9-8872-8A9EBEF5046F}.Release|Any CPU.Build.0 = Release|Any CPU
		{4C059EA5-2C21-45AC-8AD4-441DB22D7CFA}.Debug|Any CPU.ActiveCfg = Debug|Any CPU
		{4C059EA5-2C21-45AC-8AD4-441DB22D7CFA}.Debug|Any CPU.Build.0 = Debug|Any CPU
		{4C059EA5-2C21-45AC-8AD4-441DB22D7CFA}.Release|Any CPU.ActiveCfg = Release|Any CPU
		{4C059EA5-2C21-45AC-8AD4-441DB22D7CFA}.Release|Any CPU.Build.0 = Release|Any CPU
		{BD23435B-6B76-43E1-BAC3-1206E698F3ED}.Debug|Any CPU.ActiveCfg = Debug|Any CPU
		{BD23435B-6B76-43E1-BAC3-1206E698F3ED}.Debug|Any CPU.Build.0 = Debug|Any CPU
		{BD23435B-6B76-43E1-BAC3-1206E698F3ED}.Release|Any CPU.ActiveCfg = Release|Any CPU
		{BD23435B-6B76-43E1-BAC3-1206E698F3ED}.Release|Any CPU.Build.0 = Release|Any CPU
		{D09E94F5-2C39-403E-9080-AE82AFA27B56}.Debug|Any CPU.ActiveCfg = Debug|Any CPU
		{D09E94F5-2C39-403E-9080-AE82AFA27B56}.Debug|Any CPU.Build.0 = Debug|Any CPU
		{D09E94F5-2C39-403E-9080-AE82AFA27B56}.Release|Any CPU.ActiveCfg = Release|Any CPU
		{D09E94F5-2C39-403E-9080-AE82AFA27B56}.Release|Any CPU.Build.0 = Release|Any CPU
		{6D7F8092-8067-45C4-AC89-42AC3BF4BF5D}.Debug|Any CPU.ActiveCfg = Debug|Any CPU
		{6D7F8092-8067-45C4-AC89-42AC3BF4BF5D}.Debug|Any CPU.Build.0 = Debug|Any CPU
		{6D7F8092-8067-45C4-AC89-42AC3BF4BF5D}.Release|Any CPU.ActiveCfg = Release|Any CPU
		{6D7F8092-8067-45C4-AC89-42AC3BF4BF5D}.Release|Any CPU.Build.0 = Release|Any CPU
		{68A0D00F-10F4-4EFF-A0EE-6E40FC202CB5}.Debug|Any CPU.ActiveCfg = Debug|Any CPU
		{68A0D00F-10F4-4EFF-A0EE-6E40FC202CB5}.Debug|Any CPU.Build.0 = Debug|Any CPU
		{68A0D00F-10F4-4EFF-A0EE-6E40FC202CB5}.Release|Any CPU.ActiveCfg = Release|Any CPU
		{68A0D00F-10F4-4EFF-A0EE-6E40FC202CB5}.Release|Any CPU.Build.0 = Release|Any CPU
		{5D4D6BA1-73A1-4855-86D2-EC1E1A4BD3CB}.Debug|Any CPU.ActiveCfg = Debug|Any CPU
		{5D4D6BA1-73A1-4855-86D2-EC1E1A4BD3CB}.Debug|Any CPU.Build.0 = Debug|Any CPU
		{5D4D6BA1-73A1-4855-86D2-EC1E1A4BD3CB}.Release|Any CPU.ActiveCfg = Release|Any CPU
		{5D4D6BA1-73A1-4855-86D2-EC1E1A4BD3CB}.Release|Any CPU.Build.0 = Release|Any CPU
		{193BED35-607D-40C5-B47C-AA375D7498DF}.Debug|Any CPU.ActiveCfg = Debug|Any CPU
		{193BED35-607D-40C5-B47C-AA375D7498DF}.Debug|Any CPU.Build.0 = Debug|Any CPU
		{193BED35-607D-40C5-B47C-AA375D7498DF}.Release|Any CPU.ActiveCfg = Release|Any CPU
		{193BED35-607D-40C5-B47C-AA375D7498DF}.Release|Any CPU.Build.0 = Release|Any CPU
		{DB010F55-5875-4DB2-A7BC-48927B2D688D}.Debug|Any CPU.ActiveCfg = Debug|Any CPU
		{DB010F55-5875-4DB2-A7BC-48927B2D688D}.Debug|Any CPU.Build.0 = Debug|Any CPU
		{DB010F55-5875-4DB2-A7BC-48927B2D688D}.Release|Any CPU.ActiveCfg = Release|Any CPU
		{DB010F55-5875-4DB2-A7BC-48927B2D688D}.Release|Any CPU.Build.0 = Release|Any CPU
		{D4E1DFED-1038-49A0-BB9E-BB4CE44544F3}.Debug|Any CPU.ActiveCfg = Debug|Any CPU
		{D4E1DFED-1038-49A0-BB9E-BB4CE44544F3}.Debug|Any CPU.Build.0 = Debug|Any CPU
		{D4E1DFED-1038-49A0-BB9E-BB4CE44544F3}.Release|Any CPU.ActiveCfg = Release|Any CPU
		{D4E1DFED-1038-49A0-BB9E-BB4CE44544F3}.Release|Any CPU.Build.0 = Release|Any CPU
		{29C0938C-B9F7-4323-BADE-96FDBB62287B}.Debug|Any CPU.ActiveCfg = Debug|Any CPU
		{29C0938C-B9F7-4323-BADE-96FDBB62287B}.Debug|Any CPU.Build.0 = Debug|Any CPU
		{29C0938C-B9F7-4323-BADE-96FDBB62287B}.Release|Any CPU.ActiveCfg = Release|Any CPU
		{29C0938C-B9F7-4323-BADE-96FDBB62287B}.Release|Any CPU.Build.0 = Release|Any CPU
		{56364DE3-263F-4F1C-9D2A-365ACA50A891}.Debug|Any CPU.ActiveCfg = Debug|Any CPU
		{56364DE3-263F-4F1C-9D2A-365ACA50A891}.Debug|Any CPU.Build.0 = Debug|Any CPU
		{56364DE3-263F-4F1C-9D2A-365ACA50A891}.Release|Any CPU.ActiveCfg = Release|Any CPU
		{56364DE3-263F-4F1C-9D2A-365ACA50A891}.Release|Any CPU.Build.0 = Release|Any CPU
		{054DE06A-C0DD-416F-9ED3-E58638BC6012}.Debug|Any CPU.ActiveCfg = Debug|Any CPU
		{054DE06A-C0DD-416F-9ED3-E58638BC6012}.Debug|Any CPU.Build.0 = Debug|Any CPU
		{054DE06A-C0DD-416F-9ED3-E58638BC6012}.Release|Any CPU.ActiveCfg = Release|Any CPU
		{054DE06A-C0DD-416F-9ED3-E58638BC6012}.Release|Any CPU.Build.0 = Release|Any CPU
		{75671660-C649-486E-873B-1912DFE4BD4F}.Debug|Any CPU.ActiveCfg = Debug|Any CPU
		{75671660-C649-486E-873B-1912DFE4BD4F}.Debug|Any CPU.Build.0 = Debug|Any CPU
		{75671660-C649-486E-873B-1912DFE4BD4F}.Release|Any CPU.ActiveCfg = Release|Any CPU
		{75671660-C649-486E-873B-1912DFE4BD4F}.Release|Any CPU.Build.0 = Release|Any CPU
		{711DA678-77EF-4032-BCBC-83580F44174E}.Debug|Any CPU.ActiveCfg = Debug|Any CPU
		{711DA678-77EF-4032-BCBC-83580F44174E}.Debug|Any CPU.Build.0 = Debug|Any CPU
		{711DA678-77EF-4032-BCBC-83580F44174E}.Release|Any CPU.ActiveCfg = Release|Any CPU
		{711DA678-77EF-4032-BCBC-83580F44174E}.Release|Any CPU.Build.0 = Release|Any CPU
		{70CB7D5C-DB34-4C80-8D8B-FA633A3ED6AA}.Debug|Any CPU.ActiveCfg = Debug|Any CPU
		{70CB7D5C-DB34-4C80-8D8B-FA633A3ED6AA}.Debug|Any CPU.Build.0 = Debug|Any CPU
		{70CB7D5C-DB34-4C80-8D8B-FA633A3ED6AA}.Release|Any CPU.ActiveCfg = Release|Any CPU
		{70CB7D5C-DB34-4C80-8D8B-FA633A3ED6AA}.Release|Any CPU.Build.0 = Release|Any CPU
		{2E4FE1CC-701F-49F3-ACAC-D65363768A84}.Debug|Any CPU.ActiveCfg = Debug|Any CPU
		{2E4FE1CC-701F-49F3-ACAC-D65363768A84}.Debug|Any CPU.Build.0 = Debug|Any CPU
		{2E4FE1CC-701F-49F3-ACAC-D65363768A84}.Release|Any CPU.ActiveCfg = Release|Any CPU
		{2E4FE1CC-701F-49F3-ACAC-D65363768A84}.Release|Any CPU.Build.0 = Release|Any CPU
		{281AC30D-D8C4-40AE-A2F6-4162C47593F5}.Debug|Any CPU.ActiveCfg = Debug|Any CPU
		{281AC30D-D8C4-40AE-A2F6-4162C47593F5}.Debug|Any CPU.Build.0 = Debug|Any CPU
		{281AC30D-D8C4-40AE-A2F6-4162C47593F5}.Release|Any CPU.ActiveCfg = Release|Any CPU
		{281AC30D-D8C4-40AE-A2F6-4162C47593F5}.Release|Any CPU.Build.0 = Release|Any CPU
		{DC9367FA-DF4B-443C-B239-2444608EE0CB}.Debug|Any CPU.ActiveCfg = Debug|Any CPU
		{DC9367FA-DF4B-443C-B239-2444608EE0CB}.Debug|Any CPU.Build.0 = Debug|Any CPU
		{DC9367FA-DF4B-443C-B239-2444608EE0CB}.Release|Any CPU.ActiveCfg = Release|Any CPU
		{DC9367FA-DF4B-443C-B239-2444608EE0CB}.Release|Any CPU.Build.0 = Release|Any CPU
		{1ECB2949-6418-4608-A10D-E49439E36CE5}.Debug|Any CPU.ActiveCfg = Debug|Any CPU
		{1ECB2949-6418-4608-A10D-E49439E36CE5}.Debug|Any CPU.Build.0 = Debug|Any CPU
		{1ECB2949-6418-4608-A10D-E49439E36CE5}.Release|Any CPU.ActiveCfg = Release|Any CPU
		{1ECB2949-6418-4608-A10D-E49439E36CE5}.Release|Any CPU.Build.0 = Release|Any CPU
		{F10C550E-294B-4F7B-BCE9-1E4205A4441A}.Debug|Any CPU.ActiveCfg = Debug|Any CPU
		{F10C550E-294B-4F7B-BCE9-1E4205A4441A}.Debug|Any CPU.Build.0 = Debug|Any CPU
		{F10C550E-294B-4F7B-BCE9-1E4205A4441A}.Release|Any CPU.ActiveCfg = Release|Any CPU
		{F10C550E-294B-4F7B-BCE9-1E4205A4441A}.Release|Any CPU.Build.0 = Release|Any CPU
		{B5643B99-DCD4-46DD-8BA0-BE78305E3EC2}.Debug|Any CPU.ActiveCfg = Debug|Any CPU
		{B5643B99-DCD4-46DD-8BA0-BE78305E3EC2}.Debug|Any CPU.Build.0 = Debug|Any CPU
		{B5643B99-DCD4-46DD-8BA0-BE78305E3EC2}.Release|Any CPU.ActiveCfg = Release|Any CPU
		{B5643B99-DCD4-46DD-8BA0-BE78305E3EC2}.Release|Any CPU.Build.0 = Release|Any CPU
		{1F4F4EA7-CDBB-43C5-AA16-5C23873CCB68}.Debug|Any CPU.ActiveCfg = Debug|Any CPU
		{1F4F4EA7-CDBB-43C5-AA16-5C23873CCB68}.Debug|Any CPU.Build.0 = Debug|Any CPU
		{1F4F4EA7-CDBB-43C5-AA16-5C23873CCB68}.Release|Any CPU.ActiveCfg = Release|Any CPU
		{1F4F4EA7-CDBB-43C5-AA16-5C23873CCB68}.Release|Any CPU.Build.0 = Release|Any CPU
		{72B89C57-655A-49B1-AF15-36EC8F82F8B6}.Debug|Any CPU.ActiveCfg = Debug|Any CPU
		{72B89C57-655A-49B1-AF15-36EC8F82F8B6}.Debug|Any CPU.Build.0 = Debug|Any CPU
		{72B89C57-655A-49B1-AF15-36EC8F82F8B6}.Release|Any CPU.ActiveCfg = Release|Any CPU
		{72B89C57-655A-49B1-AF15-36EC8F82F8B6}.Release|Any CPU.Build.0 = Release|Any CPU
		{E2549594-CAED-47B4-8A42-90E0CC3272A8}.Debug|Any CPU.ActiveCfg = Debug|Any CPU
		{E2549594-CAED-47B4-8A42-90E0CC3272A8}.Debug|Any CPU.Build.0 = Debug|Any CPU
		{E2549594-CAED-47B4-8A42-90E0CC3272A8}.Release|Any CPU.ActiveCfg = Release|Any CPU
		{E2549594-CAED-47B4-8A42-90E0CC3272A8}.Release|Any CPU.Build.0 = Release|Any CPU
		{F3DD9CD4-3B04-4BA1-A34E-8CFCF3399BF9}.Debug|Any CPU.ActiveCfg = Debug|Any CPU
		{F3DD9CD4-3B04-4BA1-A34E-8CFCF3399BF9}.Debug|Any CPU.Build.0 = Debug|Any CPU
		{F3DD9CD4-3B04-4BA1-A34E-8CFCF3399BF9}.Release|Any CPU.ActiveCfg = Release|Any CPU
		{F3DD9CD4-3B04-4BA1-A34E-8CFCF3399BF9}.Release|Any CPU.Build.0 = Release|Any CPU
		{6492F2D4-5BC4-4919-96EC-77D39FA1BDB0}.Debug|Any CPU.ActiveCfg = Debug|Any CPU
		{6492F2D4-5BC4-4919-96EC-77D39FA1BDB0}.Debug|Any CPU.Build.0 = Debug|Any CPU
		{6492F2D4-5BC4-4919-96EC-77D39FA1BDB0}.Release|Any CPU.ActiveCfg = Release|Any CPU
		{6492F2D4-5BC4-4919-96EC-77D39FA1BDB0}.Release|Any CPU.Build.0 = Release|Any CPU
		{7C015686-4E53-46B6-8A89-CD1D386E6C0A}.Debug|Any CPU.ActiveCfg = Debug|Any CPU
		{7C015686-4E53-46B6-8A89-CD1D386E6C0A}.Debug|Any CPU.Build.0 = Debug|Any CPU
		{7C015686-4E53-46B6-8A89-CD1D386E6C0A}.Release|Any CPU.ActiveCfg = Release|Any CPU
		{7C015686-4E53-46B6-8A89-CD1D386E6C0A}.Release|Any CPU.Build.0 = Release|Any CPU
		{2CD67C56-7502-4D78-922B-362B0AB42B4F}.Debug|Any CPU.ActiveCfg = Debug|Any CPU
		{2CD67C56-7502-4D78-922B-362B0AB42B4F}.Debug|Any CPU.Build.0 = Debug|Any CPU
		{2CD67C56-7502-4D78-922B-362B0AB42B4F}.Release|Any CPU.ActiveCfg = Release|Any CPU
		{2CD67C56-7502-4D78-922B-362B0AB42B4F}.Release|Any CPU.Build.0 = Release|Any CPU
		{0305D4B2-C9E6-41B4-9767-4BB0F48C76B9}.Debug|Any CPU.ActiveCfg = Debug|Any CPU
		{0305D4B2-C9E6-41B4-9767-4BB0F48C76B9}.Debug|Any CPU.Build.0 = Debug|Any CPU
		{0305D4B2-C9E6-41B4-9767-4BB0F48C76B9}.Release|Any CPU.ActiveCfg = Release|Any CPU
		{0305D4B2-C9E6-41B4-9767-4BB0F48C76B9}.Release|Any CPU.Build.0 = Release|Any CPU
		{0AF7FC51-B58D-4FDA-8502-1B10B4298067}.Debug|Any CPU.ActiveCfg = Debug|Any CPU
		{0AF7FC51-B58D-4FDA-8502-1B10B4298067}.Debug|Any CPU.Build.0 = Debug|Any CPU
		{0AF7FC51-B58D-4FDA-8502-1B10B4298067}.Release|Any CPU.ActiveCfg = Release|Any CPU
		{0AF7FC51-B58D-4FDA-8502-1B10B4298067}.Release|Any CPU.Build.0 = Release|Any CPU
		{1E4A2DFE-978D-4EAF-B516-2787CC5C78AE}.Debug|Any CPU.ActiveCfg = Debug|Any CPU
		{1E4A2DFE-978D-4EAF-B516-2787CC5C78AE}.Debug|Any CPU.Build.0 = Debug|Any CPU
		{1E4A2DFE-978D-4EAF-B516-2787CC5C78AE}.Release|Any CPU.ActiveCfg = Release|Any CPU
		{1E4A2DFE-978D-4EAF-B516-2787CC5C78AE}.Release|Any CPU.Build.0 = Release|Any CPU
		{B46C153D-6EE9-4FF9-A5B2-B72A71B7EED9}.Debug|Any CPU.ActiveCfg = Debug|Any CPU
		{B46C153D-6EE9-4FF9-A5B2-B72A71B7EED9}.Debug|Any CPU.Build.0 = Debug|Any CPU
		{B46C153D-6EE9-4FF9-A5B2-B72A71B7EED9}.Release|Any CPU.ActiveCfg = Release|Any CPU
		{B46C153D-6EE9-4FF9-A5B2-B72A71B7EED9}.Release|Any CPU.Build.0 = Release|Any CPU
		{D1446786-437B-4945-B5DB-DA4FF87CA9C7}.Debug|Any CPU.ActiveCfg = Debug|Any CPU
		{D1446786-437B-4945-B5DB-DA4FF87CA9C7}.Debug|Any CPU.Build.0 = Debug|Any CPU
		{D1446786-437B-4945-B5DB-DA4FF87CA9C7}.Release|Any CPU.ActiveCfg = Release|Any CPU
		{D1446786-437B-4945-B5DB-DA4FF87CA9C7}.Release|Any CPU.Build.0 = Release|Any CPU
		{7FF4400C-4BB5-4354-B5B8-F22E298C2442}.Debug|Any CPU.ActiveCfg = Debug|Any CPU
		{7FF4400C-4BB5-4354-B5B8-F22E298C2442}.Debug|Any CPU.Build.0 = Debug|Any CPU
		{7FF4400C-4BB5-4354-B5B8-F22E298C2442}.Release|Any CPU.ActiveCfg = Release|Any CPU
		{7FF4400C-4BB5-4354-B5B8-F22E298C2442}.Release|Any CPU.Build.0 = Release|Any CPU
		{63C5B8AE-55C2-4AA8-8070-36673722E185}.Debug|Any CPU.ActiveCfg = Debug|Any CPU
		{63C5B8AE-55C2-4AA8-8070-36673722E185}.Debug|Any CPU.Build.0 = Debug|Any CPU
		{63C5B8AE-55C2-4AA8-8070-36673722E185}.Release|Any CPU.ActiveCfg = Release|Any CPU
		{63C5B8AE-55C2-4AA8-8070-36673722E185}.Release|Any CPU.Build.0 = Release|Any CPU
		{B38AC261-0647-4494-B5BE-3F8C842A42F1}.Debug|Any CPU.ActiveCfg = Debug|Any CPU
		{B38AC261-0647-4494-B5BE-3F8C842A42F1}.Debug|Any CPU.Build.0 = Debug|Any CPU
		{B38AC261-0647-4494-B5BE-3F8C842A42F1}.Release|Any CPU.ActiveCfg = Release|Any CPU
		{B38AC261-0647-4494-B5BE-3F8C842A42F1}.Release|Any CPU.Build.0 = Release|Any CPU
		{5E8BE77A-BD20-44E4-AF5E-724B0C9F61A7}.Debug|Any CPU.ActiveCfg = Debug|Any CPU
		{5E8BE77A-BD20-44E4-AF5E-724B0C9F61A7}.Debug|Any CPU.Build.0 = Debug|Any CPU
		{5E8BE77A-BD20-44E4-AF5E-724B0C9F61A7}.Release|Any CPU.ActiveCfg = Release|Any CPU
		{5E8BE77A-BD20-44E4-AF5E-724B0C9F61A7}.Release|Any CPU.Build.0 = Release|Any CPU
		{E983C3A2-853C-4D52-988D-9885977002FC}.Debug|Any CPU.ActiveCfg = Debug|Any CPU
		{E983C3A2-853C-4D52-988D-9885977002FC}.Debug|Any CPU.Build.0 = Debug|Any CPU
		{E983C3A2-853C-4D52-988D-9885977002FC}.Release|Any CPU.ActiveCfg = Release|Any CPU
		{E983C3A2-853C-4D52-988D-9885977002FC}.Release|Any CPU.Build.0 = Release|Any CPU
		{1FFD4527-8872-43E6-A10C-B2CE3C10B956}.Debug|Any CPU.ActiveCfg = Debug|Any CPU
		{1FFD4527-8872-43E6-A10C-B2CE3C10B956}.Debug|Any CPU.Build.0 = Debug|Any CPU
		{1FFD4527-8872-43E6-A10C-B2CE3C10B956}.Release|Any CPU.ActiveCfg = Release|Any CPU
		{1FFD4527-8872-43E6-A10C-B2CE3C10B956}.Release|Any CPU.Build.0 = Release|Any CPU
	EndGlobalSection
	GlobalSection(SolutionProperties) = preSolution
		HideSolutionNode = FALSE
	EndGlobalSection
	GlobalSection(NestedProjects) = preSolution
		{4027F22F-D5F1-4E94-9962-FCD33D3AFAC0} = {F68CA63B-289B-4A47-931E-DC57B4566F7F}
		{817964F6-8DBE-4347-8CA3-678437C51E72} = {F68CA63B-289B-4A47-931E-DC57B4566F7F}
		{2E28DF00-B28E-4F28-8365-A99D43DE1ACD} = {F68CA63B-289B-4A47-931E-DC57B4566F7F}
		{FDA628FA-8811-4916-A88E-7BD13FDA16CE} = {D4F78E63-D45C-4E05-A6B7-F34737D992AF}
		{CA00E4E5-DFAB-427B-B5C1-67CBA7F4DF00} = {D4F78E63-D45C-4E05-A6B7-F34737D992AF}
		{EDC7F02F-24E0-4F95-80BD-3CF14053BC2E} = {5CD9FF11-7098-4676-98B6-1FC3AF779BE7}
		{EBE2A840-C4DD-40D7-AD84-E5D3AEBD9F8F} = {5CD9FF11-7098-4676-98B6-1FC3AF779BE7}
		{D7279F2D-9DCD-4BD4-A570-6F9B7CDAAF57} = {1F8F722C-A8BE-41FD-8A81-A1A6693D726C}
		{11BAD6E2-AC65-4E49-8F5B-417FA545A22C} = {1F8F722C-A8BE-41FD-8A81-A1A6693D726C}
		{85E0F8A7-6240-487A-A512-8D8FC2969722} = {1F8F722C-A8BE-41FD-8A81-A1A6693D726C}
		{312F6204-1054-4D0E-A0A3-907CF4E49017} = {1F8F722C-A8BE-41FD-8A81-A1A6693D726C}
		{3C7017F0-42B3-4FFC-B145-330401C63E0B} = {1F8F722C-A8BE-41FD-8A81-A1A6693D726C}
		{B9013B43-B4D1-4CA7-B11E-F9353E4925C1} = {1F8F722C-A8BE-41FD-8A81-A1A6693D726C}
		{EA76F60E-A974-45EF-956E-3B144EB7142C} = {1F8F722C-A8BE-41FD-8A81-A1A6693D726C}
		{158844D1-AC3B-4C0C-A463-222D6F1F7870} = {1F8F722C-A8BE-41FD-8A81-A1A6693D726C}
		{F4DCDF98-DBBA-43A7-A40D-270309A6F6AE} = {1F8F722C-A8BE-41FD-8A81-A1A6693D726C}
		{0996E091-F3C2-40D1-A977-8663E6FAFC6B} = {1F8F722C-A8BE-41FD-8A81-A1A6693D726C}
		{2B6B9B6B-44D4-43A2-9A4E-278B75E2929F} = {1F8F722C-A8BE-41FD-8A81-A1A6693D726C}
		{ADA43F0D-CF48-4F26-A088-C186CD5658C3} = {1F8F722C-A8BE-41FD-8A81-A1A6693D726C}
		{65364052-9EA8-4AE0-99C6-5F9582CB5AFF} = {1F8F722C-A8BE-41FD-8A81-A1A6693D726C}
		{E996B78F-F8C7-4AEF-ACBA-30FBAAA72B64} = {1F8F722C-A8BE-41FD-8A81-A1A6693D726C}
		{3A25BF38-78BF-4A1E-ABC3-39ECD42AD1D7} = {1F8F722C-A8BE-41FD-8A81-A1A6693D726C}
		{483548D1-0665-467E-AF15-ACA9B414FFE5} = {1F8F722C-A8BE-41FD-8A81-A1A6693D726C}
		{F00EB752-2BCC-4C69-9743-9D123E4B4D15} = {1F8F722C-A8BE-41FD-8A81-A1A6693D726C}
		{097EEB03-871E-42B4-9CE7-71EEB70ECCD0} = {1F8F722C-A8BE-41FD-8A81-A1A6693D726C}
		{C99B7F89-B232-48F4-898F-BFFEF06677D1} = {1F8F722C-A8BE-41FD-8A81-A1A6693D726C}
		{772CD5E0-75BF-40A9-AB3D-5C5AE8DD71BF} = {1F8F722C-A8BE-41FD-8A81-A1A6693D726C}
		{9430E59C-CA71-40D1-A2BC-EFE74C555B1F} = {1F8F722C-A8BE-41FD-8A81-A1A6693D726C}
		{6832825D-0F2C-4C45-B824-E696DC8D358B} = {1F8F722C-A8BE-41FD-8A81-A1A6693D726C}
		{ECEEF566-1621-4B47-814E-F4B02CE5AC23} = {1F8F722C-A8BE-41FD-8A81-A1A6693D726C}
		{170BC86D-11B3-476D-A4B7-064196B7982B} = {1F8F722C-A8BE-41FD-8A81-A1A6693D726C}
		{0536BEFA-7DCE-443C-90A5-8021C9CFAD57} = {1F8F722C-A8BE-41FD-8A81-A1A6693D726C}
		{57EC6F0B-305E-4057-8409-19323F57EF49} = {1F8F722C-A8BE-41FD-8A81-A1A6693D726C}
		{4EB7414F-018D-48A5-9F1B-EA93420DBA52} = {1F8F722C-A8BE-41FD-8A81-A1A6693D726C}
		{D50230C8-B157-4465-9806-89DE599855C0} = {1F8F722C-A8BE-41FD-8A81-A1A6693D726C}
		{2AFC2C70-EFA9-48C3-AE26-D7EC4BC48B2F} = {1F8F722C-A8BE-41FD-8A81-A1A6693D726C}
		{5BD997C3-DEEB-472F-80DF-E37C1E5BFA46} = {1F8F722C-A8BE-41FD-8A81-A1A6693D726C}
		{560565D9-FF43-4883-B768-704A9D394B71} = {1F8F722C-A8BE-41FD-8A81-A1A6693D726C}
		{FB9B83AC-D83B-4B01-8C8E-DBE65B136517} = {1F8F722C-A8BE-41FD-8A81-A1A6693D726C}
		{0125CCC1-5250-4F32-B2A7-E27123010137} = {1F8F722C-A8BE-41FD-8A81-A1A6693D726C}
		{96FD64D8-CADD-4875-AA76-CD97028D5899} = {1F8F722C-A8BE-41FD-8A81-A1A6693D726C}
		{C8BA1064-4CC9-4407-97E4-4C4100025390} = {1F8F722C-A8BE-41FD-8A81-A1A6693D726C}
		{936E5A95-4A90-402A-BE3D-AF806D38A31F} = {1F8F722C-A8BE-41FD-8A81-A1A6693D726C}
		{48D5EA2E-478F-49D6-A2C0-786BE2635743} = {1F8F722C-A8BE-41FD-8A81-A1A6693D726C}
		{819D10C4-7267-482B-8A53-BEE87024ED39} = {1F8F722C-A8BE-41FD-8A81-A1A6693D726C}
		{DD519674-D716-4C75-A1B7-F3F1709653B6} = {1F8F722C-A8BE-41FD-8A81-A1A6693D726C}
		{D7BABF30-39A0-47C2-9AFD-08BD8C8C9066} = {1F8F722C-A8BE-41FD-8A81-A1A6693D726C}
		{6B44E16B-61EA-4F00-ADEE-99DB35C3ED48} = {1F8F722C-A8BE-41FD-8A81-A1A6693D726C}
		{8F26A3BA-9FE6-4EBA-A7A9-E9C7339264E1} = {1F8F722C-A8BE-41FD-8A81-A1A6693D726C}
		{42AAFF0A-52A9-488A-AD93-08CA9D3ED2F9} = {1F8F722C-A8BE-41FD-8A81-A1A6693D726C}
		{575A8394-7010-4BA0-B3EA-283B5A912518} = {1F8F722C-A8BE-41FD-8A81-A1A6693D726C}
		{6F5BB059-F8FE-4A88-916D-6E6CFF578711} = {1F8F722C-A8BE-41FD-8A81-A1A6693D726C}
		{49A87B71-A17D-480F-85F2-67DA891F92AC} = {1F8F722C-A8BE-41FD-8A81-A1A6693D726C}
		{E10BF578-BC17-4BBA-8EB1-A8F688F6BA21} = {1F8F722C-A8BE-41FD-8A81-A1A6693D726C}
		{EAF18961-ECE5-4CFE-9E9C-284D329F3AFB} = {1F8F722C-A8BE-41FD-8A81-A1A6693D726C}
		{40B5C981-47F2-4307-AB4A-D3A2AB45912F} = {1F8F722C-A8BE-41FD-8A81-A1A6693D726C}
		{6E37A1A5-B351-4E40-B803-2F6E2C7E1487} = {1F8F722C-A8BE-41FD-8A81-A1A6693D726C}
		{3606D6CC-3ACC-412F-8E98-4C1D9696802B} = {1F8F722C-A8BE-41FD-8A81-A1A6693D726C}
		{D12E95EB-F111-4A2F-9661-80A744CF0F5C} = {1F8F722C-A8BE-41FD-8A81-A1A6693D726C}
		{7BFE527E-AAE8-461A-BF50-EB8B8D195E55} = {1F8F722C-A8BE-41FD-8A81-A1A6693D726C}
		{53F1AE93-C853-4F6E-AC20-34764EBA200A} = {1F8F722C-A8BE-41FD-8A81-A1A6693D726C}
		{D883B003-122E-44C3-A869-EA2C1BDF72B3} = {1F8F722C-A8BE-41FD-8A81-A1A6693D726C}
		{16CAFCE0-5D13-4B3A-BD54-A62441E6560A} = {1F8F722C-A8BE-41FD-8A81-A1A6693D726C}
		{30B40B93-06B0-49E0-B73F-E756293ACB1D} = {1F8F722C-A8BE-41FD-8A81-A1A6693D726C}
		{1057690C-132A-402C-A481-EADB21D6A893} = {1F8F722C-A8BE-41FD-8A81-A1A6693D726C}
		{5BDA15C1-E71B-4817-8361-641E004A54FF} = {1F8F722C-A8BE-41FD-8A81-A1A6693D726C}
		{E369F806-24F6-4DF1-97E8-215156A1B8C8} = {1F8F722C-A8BE-41FD-8A81-A1A6693D726C}
		{2F2FC00D-34E8-48C2-A6F4-AE3D7F60CA8A} = {1F8F722C-A8BE-41FD-8A81-A1A6693D726C}
		{2CB79754-DF24-4BE3-9B63-AACD4A8B45BC} = {1F8F722C-A8BE-41FD-8A81-A1A6693D726C}
		{BCF6D330-DD16-4AA8-9433-F4C8543E320C} = {1F8F722C-A8BE-41FD-8A81-A1A6693D726C}
		{87142B4E-54ED-4E54-9AD8-11930FEADDCA} = {1F8F722C-A8BE-41FD-8A81-A1A6693D726C}
		{B24ED936-8805-4DA1-AEFF-9A2A8E5A6242} = {1F8F722C-A8BE-41FD-8A81-A1A6693D726C}
		{B5FB4FF3-6F6F-4379-AD31-F446F7AAEF4F} = {1F8F722C-A8BE-41FD-8A81-A1A6693D726C}
		{58C63F48-FF9B-43B5-9401-8482AC15C8AE} = {1F8F722C-A8BE-41FD-8A81-A1A6693D726C}
		{34182C1D-04A0-4CA8-B30F-D40E5B976C7E} = {1F8F722C-A8BE-41FD-8A81-A1A6693D726C}
		{C68A78D8-995F-4F8B-8662-FD53D1045BC7} = {1F8F722C-A8BE-41FD-8A81-A1A6693D726C}
		{A44F1A0C-BE05-43B9-8872-8A9EBEF5046F} = {1F8F722C-A8BE-41FD-8A81-A1A6693D726C}
		{4C059EA5-2C21-45AC-8AD4-441DB22D7CFA} = {1F8F722C-A8BE-41FD-8A81-A1A6693D726C}
		{BD23435B-6B76-43E1-BAC3-1206E698F3ED} = {1F8F722C-A8BE-41FD-8A81-A1A6693D726C}
		{D09E94F5-2C39-403E-9080-AE82AFA27B56} = {1F8F722C-A8BE-41FD-8A81-A1A6693D726C}
		{6D7F8092-8067-45C4-AC89-42AC3BF4BF5D} = {1F8F722C-A8BE-41FD-8A81-A1A6693D726C}
		{68A0D00F-10F4-4EFF-A0EE-6E40FC202CB5} = {1F8F722C-A8BE-41FD-8A81-A1A6693D726C}
		{5D4D6BA1-73A1-4855-86D2-EC1E1A4BD3CB} = {9A78CE71-4543-47AC-8B6E-5DEA42E7C0C1}
		{193BED35-607D-40C5-B47C-AA375D7498DF} = {9A78CE71-4543-47AC-8B6E-5DEA42E7C0C1}
		{DB010F55-5875-4DB2-A7BC-48927B2D688D} = {9A78CE71-4543-47AC-8B6E-5DEA42E7C0C1}
		{D4E1DFED-1038-49A0-BB9E-BB4CE44544F3} = {9A78CE71-4543-47AC-8B6E-5DEA42E7C0C1}
		{29C0938C-B9F7-4323-BADE-96FDBB62287B} = {9A78CE71-4543-47AC-8B6E-5DEA42E7C0C1}
		{56364DE3-263F-4F1C-9D2A-365ACA50A891} = {9A78CE71-4543-47AC-8B6E-5DEA42E7C0C1}
		{054DE06A-C0DD-416F-9ED3-E58638BC6012} = {9A78CE71-4543-47AC-8B6E-5DEA42E7C0C1}
		{75671660-C649-486E-873B-1912DFE4BD4F} = {9A78CE71-4543-47AC-8B6E-5DEA42E7C0C1}
		{711DA678-77EF-4032-BCBC-83580F44174E} = {2980AC82-A6CB-4984-9787-FE377CE9C4F8}
		{70CB7D5C-DB34-4C80-8D8B-FA633A3ED6AA} = {2980AC82-A6CB-4984-9787-FE377CE9C4F8}
		{2E4FE1CC-701F-49F3-ACAC-D65363768A84} = {2980AC82-A6CB-4984-9787-FE377CE9C4F8}
		{281AC30D-D8C4-40AE-A2F6-4162C47593F5} = {1F8F722C-A8BE-41FD-8A81-A1A6693D726C}
		{DC9367FA-DF4B-443C-B239-2444608EE0CB} = {1F8F722C-A8BE-41FD-8A81-A1A6693D726C}
		{1ECB2949-6418-4608-A10D-E49439E36CE5} = {1F8F722C-A8BE-41FD-8A81-A1A6693D726C}
		{F10C550E-294B-4F7B-BCE9-1E4205A4441A} = {1F8F722C-A8BE-41FD-8A81-A1A6693D726C}
		{B5643B99-DCD4-46DD-8BA0-BE78305E3EC2} = {1F8F722C-A8BE-41FD-8A81-A1A6693D726C}
		{1F4F4EA7-CDBB-43C5-AA16-5C23873CCB68} = {1F8F722C-A8BE-41FD-8A81-A1A6693D726C}
		{72B89C57-655A-49B1-AF15-36EC8F82F8B6} = {1F8F722C-A8BE-41FD-8A81-A1A6693D726C}
		{E2549594-CAED-47B4-8A42-90E0CC3272A8} = {1F8F722C-A8BE-41FD-8A81-A1A6693D726C}
		{F3DD9CD4-3B04-4BA1-A34E-8CFCF3399BF9} = {1F8F722C-A8BE-41FD-8A81-A1A6693D726C}
		{6492F2D4-5BC4-4919-96EC-77D39FA1BDB0} = {1F8F722C-A8BE-41FD-8A81-A1A6693D726C}
		{7C015686-4E53-46B6-8A89-CD1D386E6C0A} = {1F8F722C-A8BE-41FD-8A81-A1A6693D726C}
		{2CD67C56-7502-4D78-922B-362B0AB42B4F} = {1F8F722C-A8BE-41FD-8A81-A1A6693D726C}
		{0305D4B2-C9E6-41B4-9767-4BB0F48C76B9} = {1F8F722C-A8BE-41FD-8A81-A1A6693D726C}
		{0AF7FC51-B58D-4FDA-8502-1B10B4298067} = {1F8F722C-A8BE-41FD-8A81-A1A6693D726C}
		{1E4A2DFE-978D-4EAF-B516-2787CC5C78AE} = {1F8F722C-A8BE-41FD-8A81-A1A6693D726C}
		{B46C153D-6EE9-4FF9-A5B2-B72A71B7EED9} = {1F8F722C-A8BE-41FD-8A81-A1A6693D726C}
		{D1446786-437B-4945-B5DB-DA4FF87CA9C7} = {1F8F722C-A8BE-41FD-8A81-A1A6693D726C}
		{7FF4400C-4BB5-4354-B5B8-F22E298C2442} = {1F8F722C-A8BE-41FD-8A81-A1A6693D726C}
		{63C5B8AE-55C2-4AA8-8070-36673722E185} = {1F8F722C-A8BE-41FD-8A81-A1A6693D726C}
		{B38AC261-0647-4494-B5BE-3F8C842A42F1} = {1F8F722C-A8BE-41FD-8A81-A1A6693D726C}
		{5E8BE77A-BD20-44E4-AF5E-724B0C9F61A7} = {D4E3FCB4-78EC-46D1-B947-A1965E7DB65A}
		{E983C3A2-853C-4D52-988D-9885977002FC} = {D4E3FCB4-78EC-46D1-B947-A1965E7DB65A}
		{1FFD4527-8872-43E6-A10C-B2CE3C10B956} = {D4E3FCB4-78EC-46D1-B947-A1965E7DB65A}
	EndGlobalSection
	GlobalSection(ExtensibilityGlobals) = postSolution
		SolutionGuid = {8A5F29C1-2078-458D-8B39-E07E8FFEE6BA}
	EndGlobalSection
EndGlobal
